PODS:
  - MBProgressHUD (0.9.2)
  - OHHTTPStubs (5.2.1):
    - OHHTTPStubs/Default (= 5.2.1)
  - OHHTTPStubs/Core (5.2.1)
  - OHHTTPStubs/Default (5.2.1):
    - OHHTTPStubs/Core
    - OHHTTPStubs/JSON
    - OHHTTPStubs/NSURLSession
    - OHHTTPStubs/OHPathHelpers
  - OHHTTPStubs/JSON (5.2.1):
    - OHHTTPStubs/Core
  - OHHTTPStubs/NSURLSession (5.2.1):
    - OHHTTPStubs/Core
  - OHHTTPStubs/OHPathHelpers (5.2.1)
  - OHHTTPStubs/Swift (5.2.1):
    - OHHTTPStubs/Core

DEPENDENCIES:
  - MBProgressHUD (~> 0.9.1)
  - OHHTTPStubs
  - OHHTTPStubs/Swift

SPEC CHECKSUMS:
  MBProgressHUD: 1569cf7ace17a8bac47aabfbb8580a49690386d1
  OHHTTPStubs: 3a42f25c00563b71355ac73112ba2324e9e6cef4

PODFILE CHECKSUM: fd893cb3c45844cec023f0ae71ad4c8bc56ce9e5

COCOAPODS: 1.1.0.rc.2
