// !$*UTF8*$!
{
	archiveVersion = 1;
	classes = {
	};
	objectVersion = 46;
	objects = {

/* Begin PBXBuildFile section */
		932BB618DE2D23596B892375 /* Pods_Gigsterous.framework in Frameworks */ = {isa = PBXBuildFile; fileRef = EFAEA8826E7AEEE11226AF97 /* Pods_Gigsterous.framework */; };
		C11D16E31D94325D000C874E /* Constants.swift in Sources */ = {isa = PBXBuildFile; fileRef = C11D16E21D94325D000C874E /* Constants.swift */; };
		C12FA0F01D93A224005A056D /* Ensemble.swift in Sources */ = {isa = PBXBuildFile; fileRef = C12FA0ED1D93A224005A056D /* Ensemble.swift */; };
		C12FA0F11D93A224005A056D /* Event.swift in Sources */ = {isa = PBXBuildFile; fileRef = C12FA0EE1D93A224005A056D /* Event.swift */; };
		C12FA0F21D93A224005A056D /* Person.swift in Sources */ = {isa = PBXBuildFile; fileRef = C12FA0EF1D93A224005A056D /* Person.swift */; };
		C12FA0FB1D93A26A005A056D /* ensembles.json in Resources */ = {isa = PBXBuildFile; fileRef = C12FA0F81D93A26A005A056D /* ensembles.json */; };
		C12FA0FC1D93A26A005A056D /* events.json in Resources */ = {isa = PBXBuildFile; fileRef = C12FA0F91D93A26A005A056D /* events.json */; };
		C12FA0FD1D93A26A005A056D /* people.json in Resources */ = {isa = PBXBuildFile; fileRef = C12FA0FA1D93A26A005A056D /* people.json */; };
		C152E9221D649357005AAF2F /* EnsemblesTableViewController.swift in Sources */ = {isa = PBXBuildFile; fileRef = C152E9211D649357005AAF2F /* EnsemblesTableViewController.swift */; };
		C152E9261D64937C005AAF2F /* EventsTableViewController.swift in Sources */ = {isa = PBXBuildFile; fileRef = C152E9251D64937C005AAF2F /* EventsTableViewController.swift */; };
		C152E9281D64938F005AAF2F /* AuditionsTableViewController.swift in Sources */ = {isa = PBXBuildFile; fileRef = C152E9271D64938F005AAF2F /* AuditionsTableViewController.swift */; };
		C152E92A1D6493A0005AAF2F /* ProfileTableViewController.swift in Sources */ = {isa = PBXBuildFile; fileRef = C152E9291D6493A0005AAF2F /* ProfileTableViewController.swift */; };
		C152E92D1D649DE5005AAF2F /* TabViewController.swift in Sources */ = {isa = PBXBuildFile; fileRef = C152E92C1D649DE5005AAF2F /* TabViewController.swift */; };
		C152E9301D649E28005AAF2F /* TabBarSlidingTransition.swift in Sources */ = {isa = PBXBuildFile; fileRef = C152E92F1D649E28005AAF2F /* TabBarSlidingTransition.swift */; };
		C152E9351D64A303005AAF2F /* NavigationViewController.swift in Sources */ = {isa = PBXBuildFile; fileRef = C152E9341D64A303005AAF2F /* NavigationViewController.swift */; };
		C152E9371D64A84A005AAF2F /* ColorSchemes.swift in Sources */ = {isa = PBXBuildFile; fileRef = C152E9361D64A84A005AAF2F /* ColorSchemes.swift */; };
		C152E9391D64C7D7005AAF2F /* UIColorExtension.swift in Sources */ = {isa = PBXBuildFile; fileRef = C152E9381D64C7D7005AAF2F /* UIColorExtension.swift */; };
		C18B7A8E1D6DBE520032E357 /* Localizable.strings in Resources */ = {isa = PBXBuildFile; fileRef = C18B7A8D1D6DBE520032E357 /* Localizable.strings */; };
		C1F0F4361D24249C004124E2 /* AppDelegate.swift in Sources */ = {isa = PBXBuildFile; fileRef = C1F0F4351D24249C004124E2 /* AppDelegate.swift */; };
		C1F0F4381D24249C004124E2 /* HomeViewController.swift in Sources */ = {isa = PBXBuildFile; fileRef = C1F0F4371D24249C004124E2 /* HomeViewController.swift */; };
		C1F0F43D1D24249C004124E2 /* Main.storyboard in Resources */ = {isa = PBXBuildFile; fileRef = C1F0F43B1D24249C004124E2 /* Main.storyboard */; };
		C1F0F43F1D24249C004124E2 /* Assets.xcassets in Resources */ = {isa = PBXBuildFile; fileRef = C1F0F43E1D24249C004124E2 /* Assets.xcassets */; };
		C1F0F4421D24249C004124E2 /* LaunchScreen.storyboard in Resources */ = {isa = PBXBuildFile; fileRef = C1F0F4401D24249C004124E2 /* LaunchScreen.storyboard */; };
		C1F0F4581D24249C004124E2 /* GigsterousUITests.swift in Sources */ = {isa = PBXBuildFile; fileRef = C1F0F4571D24249C004124E2 /* GigsterousUITests.swift */; };
		C1FD6BE51D9482F500E11288 /* people.json in Resources */ = {isa = PBXBuildFile; fileRef = C12FA0FA1D93A26A005A056D /* people.json */; };
		C1FD6BE61D9482F800E11288 /* events.json in Resources */ = {isa = PBXBuildFile; fileRef = C12FA0F91D93A26A005A056D /* events.json */; };
		C1FD6BE71D9482FB00E11288 /* ensembles.json in Resources */ = {isa = PBXBuildFile; fileRef = C12FA0F81D93A26A005A056D /* ensembles.json */; };
		C1FD6BE91D95051000E11288 /* Skill.swift in Sources */ = {isa = PBXBuildFile; fileRef = C1FD6BE81D95051000E11288 /* Skill.swift */; };
		E002E0691DA6514400232A4D /* EventFormViewController.swift in Sources */ = {isa = PBXBuildFile; fileRef = E002E0681DA6514400232A4D /* EventFormViewController.swift */; };
		E00B93281DA2B49600A77A08 /* DateStringTransform.swift in Sources */ = {isa = PBXBuildFile; fileRef = E00B93271DA2B49600A77A08 /* DateStringTransform.swift */; };
		E042AABE1EC6221C00C51291 /* EventsTableViewModel.swift in Sources */ = {isa = PBXBuildFile; fileRef = E042AABD1EC6221C00C51291 /* EventsTableViewModel.swift */; };
		E042AAC01EC6245700C51291 /* Venue.swift in Sources */ = {isa = PBXBuildFile; fileRef = E042AABF1EC6245700C51291 /* Venue.swift */; };
		E042AAC31EC6265200C51291 /* EnsemblesTableViewModel.swift in Sources */ = {isa = PBXBuildFile; fileRef = E042AAC21EC6265200C51291 /* EnsemblesTableViewModel.swift */; };
		E05ADE1F1EC77E520086C9C3 /* RouterTests.swift in Sources */ = {isa = PBXBuildFile; fileRef = E05ADE1E1EC77E520086C9C3 /* RouterTests.swift */; };
		E05ADE221EC7843F0086C9C3 /* PersonTests.swift in Sources */ = {isa = PBXBuildFile; fileRef = E05ADE211EC7843F0086C9C3 /* PersonTests.swift */; };
		E05ADE241EC786530086C9C3 /* VenueTests.swift in Sources */ = {isa = PBXBuildFile; fileRef = E05ADE231EC786530086C9C3 /* VenueTests.swift */; };
		E05ADE261EC787150086C9C3 /* SkillTests.swift in Sources */ = {isa = PBXBuildFile; fileRef = E05ADE251EC787150086C9C3 /* SkillTests.swift */; };
		E05ADE281EC787270086C9C3 /* EnsembleTests.swift in Sources */ = {isa = PBXBuildFile; fileRef = E05ADE271EC787270086C9C3 /* EnsembleTests.swift */; };
		E05ADE2A1EC787350086C9C3 /* EventTests.swift in Sources */ = {isa = PBXBuildFile; fileRef = E05ADE291EC787350086C9C3 /* EventTests.swift */; };
		E05ADE2C1EC78A4C0086C9C3 /* ResponseObjectTests.swift in Sources */ = {isa = PBXBuildFile; fileRef = E05ADE2B1EC78A4C0086C9C3 /* ResponseObjectTests.swift */; };
		E081746E1E087BD30077C0C8 /* venues.json in Resources */ = {isa = PBXBuildFile; fileRef = E081746D1E087BD30077C0C8 /* venues.json */; };
		E081746F1E087BD30077C0C8 /* venues.json in Resources */ = {isa = PBXBuildFile; fileRef = E081746D1E087BD30077C0C8 /* venues.json */; };
		E0C2CA0E1DC3952200779C7C /* EventFormViewModel.swift in Sources */ = {isa = PBXBuildFile; fileRef = E0C2CA0D1DC3952200779C7C /* EventFormViewModel.swift */; };
		E0CDDDF91EC75187000175C4 /* IndexPathExtensionTests.swift in Sources */ = {isa = PBXBuildFile; fileRef = E0CDDDF81EC75187000175C4 /* IndexPathExtensionTests.swift */; };
		E0CDDDFC1EC75342000175C4 /* DateExtensionTests.swift in Sources */ = {isa = PBXBuildFile; fileRef = E0CDDDFB1EC75342000175C4 /* DateExtensionTests.swift */; };
		E0E25A3E1E0C4993006F8C14 /* ReactiveClient.swift in Sources */ = {isa = PBXBuildFile; fileRef = E0E25A3D1E0C4993006F8C14 /* ReactiveClient.swift */; };
		E0E25A431E0C4A73006F8C14 /* AFClient.swift in Sources */ = {isa = PBXBuildFile; fileRef = E0E25A421E0C4A73006F8C14 /* AFClient.swift */; };
		E0E25A461E0D22A9006F8C14 /* Router.swift in Sources */ = {isa = PBXBuildFile; fileRef = E0E25A451E0D22A9006F8C14 /* Router.swift */; };
		E0E25A4A1E0D2B46006F8C14 /* ResponseObject.swift in Sources */ = {isa = PBXBuildFile; fileRef = E0E25A491E0D2B46006F8C14 /* ResponseObject.swift */; };
		E0E93D711EC6F18800E60A11 /* EventFormViewModelTests.swift in Sources */ = {isa = PBXBuildFile; fileRef = E0E93D701EC6F18800E60A11 /* EventFormViewModelTests.swift */; };
		E0F43E191DB6A8C40087BB10 /* IndexPathExtension.swift in Sources */ = {isa = PBXBuildFile; fileRef = E0F43E181DB6A8C40087BB10 /* IndexPathExtension.swift */; };
		E0F5EA4B1DC6663000700C56 /* DateExtension.swift in Sources */ = {isa = PBXBuildFile; fileRef = E0F5EA4A1DC6663000700C56 /* DateExtension.swift */; };
		EBEB0F557D691621FEA7A68C /* Pods_Gigsterous_GigsterousTests.framework in Frameworks */ = {isa = PBXBuildFile; fileRef = 2C7B12BA8799CF9764E17F86 /* Pods_Gigsterous_GigsterousTests.framework */; };
/* End PBXBuildFile section */

/* Begin PBXContainerItemProxy section */
		C1F0F4491D24249C004124E2 /* PBXContainerItemProxy */ = {
			isa = PBXContainerItemProxy;
			containerPortal = C1F0F42A1D24249C004124E2 /* Project object */;
			proxyType = 1;
			remoteGlobalIDString = C1F0F4311D24249C004124E2;
			remoteInfo = Gigsterous;
		};
		C1F0F4541D24249C004124E2 /* PBXContainerItemProxy */ = {
			isa = PBXContainerItemProxy;
			containerPortal = C1F0F42A1D24249C004124E2 /* Project object */;
			proxyType = 1;
			remoteGlobalIDString = C1F0F4311D24249C004124E2;
			remoteInfo = Gigsterous;
		};
/* End PBXContainerItemProxy section */

/* Begin PBXFileReference section */
		12C13A8988E6893739DB0B53 /* Pods.framework */ = {isa = PBXFileReference; explicitFileType = wrapper.framework; includeInIndex = 0; path = Pods.framework; sourceTree = BUILT_PRODUCTS_DIR; };
		2C7B12BA8799CF9764E17F86 /* Pods_Gigsterous_GigsterousTests.framework */ = {isa = PBXFileReference; explicitFileType = wrapper.framework; includeInIndex = 0; path = Pods_Gigsterous_GigsterousTests.framework; sourceTree = BUILT_PRODUCTS_DIR; };
		31F22BFA117F960674DAB2E7 /* Pods-Gigsterous.debug.xcconfig */ = {isa = PBXFileReference; includeInIndex = 1; lastKnownFileType = text.xcconfig; name = "Pods-Gigsterous.debug.xcconfig"; path = "Pods/Target Support Files/Pods-Gigsterous/Pods-Gigsterous.debug.xcconfig"; sourceTree = "<group>"; };
		7B5BB5B7DAA85B16BE6E0A15 /* Pods-Gigsterous-GigsterousTests.debug.xcconfig */ = {isa = PBXFileReference; includeInIndex = 1; lastKnownFileType = text.xcconfig; name = "Pods-Gigsterous-GigsterousTests.debug.xcconfig"; path = "Pods/Target Support Files/Pods-Gigsterous-GigsterousTests/Pods-Gigsterous-GigsterousTests.debug.xcconfig"; sourceTree = "<group>"; };
		84D96D390D09F95BAA9BEABB /* Pods-Gigsterous.release.xcconfig */ = {isa = PBXFileReference; includeInIndex = 1; lastKnownFileType = text.xcconfig; name = "Pods-Gigsterous.release.xcconfig"; path = "Pods/Target Support Files/Pods-Gigsterous/Pods-Gigsterous.release.xcconfig"; sourceTree = "<group>"; };
		C11D16E21D94325D000C874E /* Constants.swift */ = {isa = PBXFileReference; fileEncoding = 4; lastKnownFileType = sourcecode.swift; path = Constants.swift; sourceTree = "<group>"; };
		C12FA0ED1D93A224005A056D /* Ensemble.swift */ = {isa = PBXFileReference; fileEncoding = 4; lastKnownFileType = sourcecode.swift; name = Ensemble.swift; path = Model/Ensemble.swift; sourceTree = "<group>"; };
		C12FA0EE1D93A224005A056D /* Event.swift */ = {isa = PBXFileReference; fileEncoding = 4; lastKnownFileType = sourcecode.swift; name = Event.swift; path = Model/Event.swift; sourceTree = "<group>"; };
		C12FA0EF1D93A224005A056D /* Person.swift */ = {isa = PBXFileReference; fileEncoding = 4; lastKnownFileType = sourcecode.swift; name = Person.swift; path = Model/Person.swift; sourceTree = "<group>"; };
		C12FA0F81D93A26A005A056D /* ensembles.json */ = {isa = PBXFileReference; fileEncoding = 4; lastKnownFileType = text.json; path = ensembles.json; sourceTree = "<group>"; };
		C12FA0F91D93A26A005A056D /* events.json */ = {isa = PBXFileReference; fileEncoding = 4; lastKnownFileType = text.json; path = events.json; sourceTree = "<group>"; };
		C12FA0FA1D93A26A005A056D /* people.json */ = {isa = PBXFileReference; fileEncoding = 4; lastKnownFileType = text.json; path = people.json; sourceTree = "<group>"; };
		C152E9211D649357005AAF2F /* EnsemblesTableViewController.swift */ = {isa = PBXFileReference; fileEncoding = 4; lastKnownFileType = sourcecode.swift; name = EnsemblesTableViewController.swift; path = Gigsterous/Classes/Controllers/EnsemblesTableViewController.swift; sourceTree = SOURCE_ROOT; };
		C152E9251D64937C005AAF2F /* EventsTableViewController.swift */ = {isa = PBXFileReference; fileEncoding = 4; lastKnownFileType = sourcecode.swift; path = EventsTableViewController.swift; sourceTree = "<group>"; };
		C152E9271D64938F005AAF2F /* AuditionsTableViewController.swift */ = {isa = PBXFileReference; fileEncoding = 4; lastKnownFileType = sourcecode.swift; path = AuditionsTableViewController.swift; sourceTree = "<group>"; };
		C152E9291D6493A0005AAF2F /* ProfileTableViewController.swift */ = {isa = PBXFileReference; fileEncoding = 4; lastKnownFileType = sourcecode.swift; path = ProfileTableViewController.swift; sourceTree = "<group>"; };
		C152E92C1D649DE5005AAF2F /* TabViewController.swift */ = {isa = PBXFileReference; fileEncoding = 4; lastKnownFileType = sourcecode.swift; path = TabViewController.swift; sourceTree = "<group>"; };
		C152E92F1D649E28005AAF2F /* TabBarSlidingTransition.swift */ = {isa = PBXFileReference; fileEncoding = 4; lastKnownFileType = sourcecode.swift; path = TabBarSlidingTransition.swift; sourceTree = "<group>"; };
		C152E9341D64A303005AAF2F /* NavigationViewController.swift */ = {isa = PBXFileReference; fileEncoding = 4; lastKnownFileType = sourcecode.swift; path = NavigationViewController.swift; sourceTree = "<group>"; };
		C152E9361D64A84A005AAF2F /* ColorSchemes.swift */ = {isa = PBXFileReference; fileEncoding = 4; lastKnownFileType = sourcecode.swift; path = ColorSchemes.swift; sourceTree = "<group>"; };
		C152E9381D64C7D7005AAF2F /* UIColorExtension.swift */ = {isa = PBXFileReference; fileEncoding = 4; lastKnownFileType = sourcecode.swift; path = UIColorExtension.swift; sourceTree = "<group>"; };
		C18B7A8D1D6DBE520032E357 /* Localizable.strings */ = {isa = PBXFileReference; fileEncoding = 4; lastKnownFileType = text.plist.strings; path = Localizable.strings; sourceTree = "<group>"; };
		C1F0F4321D24249C004124E2 /* Gigsterous.app */ = {isa = PBXFileReference; explicitFileType = wrapper.application; includeInIndex = 0; path = Gigsterous.app; sourceTree = BUILT_PRODUCTS_DIR; };
		C1F0F4351D24249C004124E2 /* AppDelegate.swift */ = {isa = PBXFileReference; lastKnownFileType = sourcecode.swift; path = AppDelegate.swift; sourceTree = "<group>"; };
		C1F0F4371D24249C004124E2 /* HomeViewController.swift */ = {isa = PBXFileReference; lastKnownFileType = sourcecode.swift; path = HomeViewController.swift; sourceTree = "<group>"; };
		C1F0F43C1D24249C004124E2 /* Base */ = {isa = PBXFileReference; lastKnownFileType = file.storyboard; name = Base; path = Base.lproj/Main.storyboard; sourceTree = "<group>"; };
		C1F0F43E1D24249C004124E2 /* Assets.xcassets */ = {isa = PBXFileReference; lastKnownFileType = folder.assetcatalog; path = Assets.xcassets; sourceTree = "<group>"; };
		C1F0F4411D24249C004124E2 /* Base */ = {isa = PBXFileReference; lastKnownFileType = file.storyboard; name = Base; path = Base.lproj/LaunchScreen.storyboard; sourceTree = "<group>"; };
		C1F0F4431D24249C004124E2 /* Info.plist */ = {isa = PBXFileReference; lastKnownFileType = text.plist.xml; path = Info.plist; sourceTree = "<group>"; };
		C1F0F4481D24249C004124E2 /* GigsterousTests.xctest */ = {isa = PBXFileReference; explicitFileType = wrapper.cfbundle; includeInIndex = 0; path = GigsterousTests.xctest; sourceTree = BUILT_PRODUCTS_DIR; };
		C1F0F44E1D24249C004124E2 /* Info.plist */ = {isa = PBXFileReference; lastKnownFileType = text.plist.xml; path = Info.plist; sourceTree = "<group>"; };
		C1F0F4531D24249C004124E2 /* GigsterousUITests.xctest */ = {isa = PBXFileReference; explicitFileType = wrapper.cfbundle; includeInIndex = 0; path = GigsterousUITests.xctest; sourceTree = BUILT_PRODUCTS_DIR; };
		C1F0F4571D24249C004124E2 /* GigsterousUITests.swift */ = {isa = PBXFileReference; lastKnownFileType = sourcecode.swift; path = GigsterousUITests.swift; sourceTree = "<group>"; };
		C1F0F4591D24249C004124E2 /* Info.plist */ = {isa = PBXFileReference; lastKnownFileType = text.plist.xml; path = Info.plist; sourceTree = "<group>"; };
		C1FD6BE81D95051000E11288 /* Skill.swift */ = {isa = PBXFileReference; fileEncoding = 4; lastKnownFileType = sourcecode.swift; name = Skill.swift; path = Model/Skill.swift; sourceTree = "<group>"; };
		D1C546F93B442330F955F001 /* Pods-Gigsterous-GigsterousTests.release.xcconfig */ = {isa = PBXFileReference; includeInIndex = 1; lastKnownFileType = text.xcconfig; name = "Pods-Gigsterous-GigsterousTests.release.xcconfig"; path = "Pods/Target Support Files/Pods-Gigsterous-GigsterousTests/Pods-Gigsterous-GigsterousTests.release.xcconfig"; sourceTree = "<group>"; };
		E002E0681DA6514400232A4D /* EventFormViewController.swift */ = {isa = PBXFileReference; fileEncoding = 4; lastKnownFileType = sourcecode.swift; path = EventFormViewController.swift; sourceTree = "<group>"; };
		E00B93271DA2B49600A77A08 /* DateStringTransform.swift */ = {isa = PBXFileReference; fileEncoding = 4; lastKnownFileType = sourcecode.swift; name = DateStringTransform.swift; path = Model/DateStringTransform.swift; sourceTree = "<group>"; };
		E042AABD1EC6221C00C51291 /* EventsTableViewModel.swift */ = {isa = PBXFileReference; fileEncoding = 4; lastKnownFileType = sourcecode.swift; name = EventsTableViewModel.swift; path = ViewModel/EventsTableViewModel.swift; sourceTree = "<group>"; };
		E042AABF1EC6245700C51291 /* Venue.swift */ = {isa = PBXFileReference; fileEncoding = 4; lastKnownFileType = sourcecode.swift; name = Venue.swift; path = Model/Venue.swift; sourceTree = "<group>"; };
		E042AAC21EC6265200C51291 /* EnsemblesTableViewModel.swift */ = {isa = PBXFileReference; fileEncoding = 4; lastKnownFileType = sourcecode.swift; name = EnsemblesTableViewModel.swift; path = ViewModel/EnsemblesTableViewModel.swift; sourceTree = "<group>"; };
		E05ADE1E1EC77E520086C9C3 /* RouterTests.swift */ = {isa = PBXFileReference; fileEncoding = 4; lastKnownFileType = sourcecode.swift; name = RouterTests.swift; path = Networking/RouterTests.swift; sourceTree = "<group>"; };
		E05ADE211EC7843F0086C9C3 /* PersonTests.swift */ = {isa = PBXFileReference; fileEncoding = 4; lastKnownFileType = sourcecode.swift; name = PersonTests.swift; path = Model/PersonTests.swift; sourceTree = "<group>"; };
		E05ADE231EC786530086C9C3 /* VenueTests.swift */ = {isa = PBXFileReference; fileEncoding = 4; lastKnownFileType = sourcecode.swift; name = VenueTests.swift; path = Model/VenueTests.swift; sourceTree = "<group>"; };
		E05ADE251EC787150086C9C3 /* SkillTests.swift */ = {isa = PBXFileReference; fileEncoding = 4; lastKnownFileType = sourcecode.swift; name = SkillTests.swift; path = Model/SkillTests.swift; sourceTree = "<group>"; };
		E05ADE271EC787270086C9C3 /* EnsembleTests.swift */ = {isa = PBXFileReference; fileEncoding = 4; lastKnownFileType = sourcecode.swift; name = EnsembleTests.swift; path = Model/EnsembleTests.swift; sourceTree = "<group>"; };
		E05ADE291EC787350086C9C3 /* EventTests.swift */ = {isa = PBXFileReference; fileEncoding = 4; lastKnownFileType = sourcecode.swift; name = EventTests.swift; path = Model/EventTests.swift; sourceTree = "<group>"; };
		E05ADE2B1EC78A4C0086C9C3 /* ResponseObjectTests.swift */ = {isa = PBXFileReference; fileEncoding = 4; lastKnownFileType = sourcecode.swift; name = ResponseObjectTests.swift; path = Model/ResponseObjectTests.swift; sourceTree = "<group>"; };
		E081746D1E087BD30077C0C8 /* venues.json */ = {isa = PBXFileReference; fileEncoding = 4; lastKnownFileType = text.json; path = venues.json; sourceTree = "<group>"; };
		E0C2CA0D1DC3952200779C7C /* EventFormViewModel.swift */ = {isa = PBXFileReference; fileEncoding = 4; lastKnownFileType = sourcecode.swift; name = EventFormViewModel.swift; path = Gigsterous/Classes/ViewModel/EventFormViewModel.swift; sourceTree = SOURCE_ROOT; };
		E0CDDDF81EC75187000175C4 /* IndexPathExtensionTests.swift */ = {isa = PBXFileReference; fileEncoding = 4; lastKnownFileType = sourcecode.swift; name = IndexPathExtensionTests.swift; path = Helpers/IndexPathExtensionTests.swift; sourceTree = "<group>"; };
		E0CDDDFB1EC75342000175C4 /* DateExtensionTests.swift */ = {isa = PBXFileReference; fileEncoding = 4; lastKnownFileType = sourcecode.swift; name = DateExtensionTests.swift; path = Helpers/DateExtensionTests.swift; sourceTree = "<group>"; };
		E0E25A3D1E0C4993006F8C14 /* ReactiveClient.swift */ = {isa = PBXFileReference; fileEncoding = 4; lastKnownFileType = sourcecode.swift; name = ReactiveClient.swift; path = Networking/ReactiveClient.swift; sourceTree = "<group>"; };
		E0E25A421E0C4A73006F8C14 /* AFClient.swift */ = {isa = PBXFileReference; fileEncoding = 4; lastKnownFileType = sourcecode.swift; name = AFClient.swift; path = Networking/AFClient.swift; sourceTree = "<group>"; };
		E0E25A451E0D22A9006F8C14 /* Router.swift */ = {isa = PBXFileReference; fileEncoding = 4; lastKnownFileType = sourcecode.swift; name = Router.swift; path = Networking/Router.swift; sourceTree = "<group>"; };
		E0E25A491E0D2B46006F8C14 /* ResponseObject.swift */ = {isa = PBXFileReference; fileEncoding = 4; lastKnownFileType = sourcecode.swift; name = ResponseObject.swift; path = Model/ResponseObject.swift; sourceTree = "<group>"; };
		E0E93D701EC6F18800E60A11 /* EventFormViewModelTests.swift */ = {isa = PBXFileReference; fileEncoding = 4; lastKnownFileType = sourcecode.swift; name = EventFormViewModelTests.swift; path = ViewModel/EventFormViewModelTests.swift; sourceTree = "<group>"; };
		E0F43E181DB6A8C40087BB10 /* IndexPathExtension.swift */ = {isa = PBXFileReference; fileEncoding = 4; lastKnownFileType = sourcecode.swift; path = IndexPathExtension.swift; sourceTree = "<group>"; };
		E0F5EA4A1DC6663000700C56 /* DateExtension.swift */ = {isa = PBXFileReference; fileEncoding = 4; lastKnownFileType = sourcecode.swift; path = DateExtension.swift; sourceTree = "<group>"; };
		EFAEA8826E7AEEE11226AF97 /* Pods_Gigsterous.framework */ = {isa = PBXFileReference; explicitFileType = wrapper.framework; includeInIndex = 0; path = Pods_Gigsterous.framework; sourceTree = BUILT_PRODUCTS_DIR; };
/* End PBXFileReference section */

/* Begin PBXFrameworksBuildPhase section */
		C1F0F42F1D24249C004124E2 /* Frameworks */ = {
			isa = PBXFrameworksBuildPhase;
			buildActionMask = 2147483647;
			files = (
				932BB618DE2D23596B892375 /* Pods_Gigsterous.framework in Frameworks */,
			);
			runOnlyForDeploymentPostprocessing = 0;
		};
		C1F0F4451D24249C004124E2 /* Frameworks */ = {
			isa = PBXFrameworksBuildPhase;
			buildActionMask = 2147483647;
			files = (
				EBEB0F557D691621FEA7A68C /* Pods_Gigsterous_GigsterousTests.framework in Frameworks */,
			);
			runOnlyForDeploymentPostprocessing = 0;
		};
		C1F0F4501D24249C004124E2 /* Frameworks */ = {
			isa = PBXFrameworksBuildPhase;
			buildActionMask = 2147483647;
			files = (
			);
			runOnlyForDeploymentPostprocessing = 0;
		};
/* End PBXFrameworksBuildPhase section */

/* Begin PBXGroup section */
		1C6B135251882588CF3CE799 /* Frameworks */ = {
			isa = PBXGroup;
			children = (
				12C13A8988E6893739DB0B53 /* Pods.framework */,
				EFAEA8826E7AEEE11226AF97 /* Pods_Gigsterous.framework */,
				2C7B12BA8799CF9764E17F86 /* Pods_Gigsterous_GigsterousTests.framework */,
			);
			name = Frameworks;
			sourceTree = "<group>";
		};
		60E8401C873C216E9EC946AF /* Pods */ = {
			isa = PBXGroup;
			children = (
				31F22BFA117F960674DAB2E7 /* Pods-Gigsterous.debug.xcconfig */,
				84D96D390D09F95BAA9BEABB /* Pods-Gigsterous.release.xcconfig */,
				7B5BB5B7DAA85B16BE6E0A15 /* Pods-Gigsterous-GigsterousTests.debug.xcconfig */,
				D1C546F93B442330F955F001 /* Pods-Gigsterous-GigsterousTests.release.xcconfig */,
			);
			name = Pods;
			sourceTree = "<group>";
		};
		C10212621D6D9CF40045C3A9 /* Classes */ = {
			isa = PBXGroup;
			children = (
				C1F0F4351D24249C004124E2 /* AppDelegate.swift */,
				C12FA0EB1D93A200005A056D /* Model */,
				C12FA0EC1D93A206005A056D /* Networking */,
				E0C2CA0F1DC3956100779C7C /* ViewModel */,
				C152E92B1D6493CF005AAF2F /* Controllers */,
				C152E9311D64A143005AAF2F /* Helpers */,
			);
			path = Classes;
			sourceTree = "<group>";
		};
		C10212631D6D9D000045C3A9 /* Resources */ = {
			isa = PBXGroup;
			children = (
				C1F0F43B1D24249C004124E2 /* Main.storyboard */,
				C1F0F43E1D24249C004124E2 /* Assets.xcassets */,
				C1F0F4401D24249C004124E2 /* LaunchScreen.storyboard */,
				C1F0F4431D24249C004124E2 /* Info.plist */,
				C18B7A8D1D6DBE520032E357 /* Localizable.strings */,
			);
			path = Resources;
			sourceTree = "<group>";
		};
		C12FA0EB1D93A200005A056D /* Model */ = {
			isa = PBXGroup;
			children = (
				E00B93271DA2B49600A77A08 /* DateStringTransform.swift */,
				C12FA0EF1D93A224005A056D /* Person.swift */,
				C1FD6BE81D95051000E11288 /* Skill.swift */,
				C12FA0ED1D93A224005A056D /* Ensemble.swift */,
				C12FA0EE1D93A224005A056D /* Event.swift */,
				E042AABF1EC6245700C51291 /* Venue.swift */,
				E0E25A491E0D2B46006F8C14 /* ResponseObject.swift */,
			);
			name = Model;
			sourceTree = "<group>";
		};
		C12FA0EC1D93A206005A056D /* Networking */ = {
			isa = PBXGroup;
			children = (
				E0E25A451E0D22A9006F8C14 /* Router.swift */,
				E0E25A3D1E0C4993006F8C14 /* ReactiveClient.swift */,
				E0E25A421E0C4A73006F8C14 /* AFClient.swift */,
			);
			name = Networking;
			sourceTree = "<group>";
		};
		C12FA0F71D93A256005A056D /* Responses */ = {
			isa = PBXGroup;
			children = (
				C12FA0F81D93A26A005A056D /* ensembles.json */,
				C12FA0F91D93A26A005A056D /* events.json */,
				C12FA0FA1D93A26A005A056D /* people.json */,
				E081746D1E087BD30077C0C8 /* venues.json */,
			);
			path = Responses;
			sourceTree = "<group>";
		};
		C152E92B1D6493CF005AAF2F /* Controllers */ = {
			isa = PBXGroup;
			children = (
				C152E92E1D649E12005AAF2F /* Navigation */,
				C1F0F4371D24249C004124E2 /* HomeViewController.swift */,
				C152E9211D649357005AAF2F /* EnsemblesTableViewController.swift */,
				C152E9251D64937C005AAF2F /* EventsTableViewController.swift */,
				E002E0681DA6514400232A4D /* EventFormViewController.swift */,
				C152E9271D64938F005AAF2F /* AuditionsTableViewController.swift */,
				C152E9291D6493A0005AAF2F /* ProfileTableViewController.swift */,
			);
			path = Controllers;
			sourceTree = "<group>";
		};
		C152E92E1D649E12005AAF2F /* Navigation */ = {
			isa = PBXGroup;
			children = (
				C152E9341D64A303005AAF2F /* NavigationViewController.swift */,
				C152E92C1D649DE5005AAF2F /* TabViewController.swift */,
				C152E92F1D649E28005AAF2F /* TabBarSlidingTransition.swift */,
			);
			path = Navigation;
			sourceTree = "<group>";
		};
		C152E9311D64A143005AAF2F /* Helpers */ = {
			isa = PBXGroup;
			children = (
				C11D16E21D94325D000C874E /* Constants.swift */,
				C152E9361D64A84A005AAF2F /* ColorSchemes.swift */,
				C152E9381D64C7D7005AAF2F /* UIColorExtension.swift */,
				E0F43E181DB6A8C40087BB10 /* IndexPathExtension.swift */,
				E0F5EA4A1DC6663000700C56 /* DateExtension.swift */,
			);
			path = Helpers;
			sourceTree = "<group>";
		};
		C1AF4BDE1D918CA600516BC7 /* Classes */ = {
			isa = PBXGroup;
			children = (
				E05ADE201EC783C90086C9C3 /* Model */,
				E05ADE1D1EC77E2E0086C9C3 /* Networking */,
				E0E93D6F1EC6F15300E60A11 /* ViewModel */,
				E0CDDDF71EC7514C000175C4 /* Helpers */,
			);
			path = Classes;
			sourceTree = "<group>";
		};
		C1AF4BDF1D918CAE00516BC7 /* Resources */ = {
			isa = PBXGroup;
			children = (
				C12FA0F71D93A256005A056D /* Responses */,
			);
			path = Resources;
			sourceTree = "<group>";
		};
		C1AF4BE01D918CFF00516BC7 /* Classes */ = {
			isa = PBXGroup;
			children = (
				C1F0F4571D24249C004124E2 /* GigsterousUITests.swift */,
			);
			path = Classes;
			sourceTree = "<group>";
		};
		C1F0F4291D24249C004124E2 = {
			isa = PBXGroup;
			children = (
				C1F0F4341D24249C004124E2 /* Gigsterous */,
				C1F0F44B1D24249C004124E2 /* GigsterousTests */,
				C1F0F4561D24249C004124E2 /* GigsterousUITests */,
				C1F0F4331D24249C004124E2 /* Products */,
				1C6B135251882588CF3CE799 /* Frameworks */,
				60E8401C873C216E9EC946AF /* Pods */,
			);
			sourceTree = "<group>";
		};
		C1F0F4331D24249C004124E2 /* Products */ = {
			isa = PBXGroup;
			children = (
				C1F0F4321D24249C004124E2 /* Gigsterous.app */,
				C1F0F4481D24249C004124E2 /* GigsterousTests.xctest */,
				C1F0F4531D24249C004124E2 /* GigsterousUITests.xctest */,
			);
			name = Products;
			sourceTree = "<group>";
		};
		C1F0F4341D24249C004124E2 /* Gigsterous */ = {
			isa = PBXGroup;
			children = (
				C10212621D6D9CF40045C3A9 /* Classes */,
				C10212631D6D9D000045C3A9 /* Resources */,
			);
			path = Gigsterous;
			sourceTree = "<group>";
		};
		C1F0F44B1D24249C004124E2 /* GigsterousTests */ = {
			isa = PBXGroup;
			children = (
				C1F0F44E1D24249C004124E2 /* Info.plist */,
				C1AF4BDE1D918CA600516BC7 /* Classes */,
				C1AF4BDF1D918CAE00516BC7 /* Resources */,
			);
			path = GigsterousTests;
			sourceTree = "<group>";
		};
		C1F0F4561D24249C004124E2 /* GigsterousUITests */ = {
			isa = PBXGroup;
			children = (
				C1F0F4591D24249C004124E2 /* Info.plist */,
				C1AF4BE01D918CFF00516BC7 /* Classes */,
			);
			path = GigsterousUITests;
			sourceTree = "<group>";
		};
		E05ADE1D1EC77E2E0086C9C3 /* Networking */ = {
			isa = PBXGroup;
			children = (
				E05ADE1E1EC77E520086C9C3 /* RouterTests.swift */,
			);
			name = Networking;
			sourceTree = "<group>";
		};
		E05ADE201EC783C90086C9C3 /* Model */ = {
			isa = PBXGroup;
			children = (
				E05ADE211EC7843F0086C9C3 /* PersonTests.swift */,
				E05ADE251EC787150086C9C3 /* SkillTests.swift */,
				E05ADE271EC787270086C9C3 /* EnsembleTests.swift */,
				E05ADE291EC787350086C9C3 /* EventTests.swift */,
				E05ADE231EC786530086C9C3 /* VenueTests.swift */,
				E05ADE2B1EC78A4C0086C9C3 /* ResponseObjectTests.swift */,
			);
			name = Model;
			sourceTree = "<group>";
		};
		E0C2CA0F1DC3956100779C7C /* ViewModel */ = {
			isa = PBXGroup;
			children = (
				E0C2CA0D1DC3952200779C7C /* EventFormViewModel.swift */,
				E042AABD1EC6221C00C51291 /* EventsTableViewModel.swift */,
				E042AAC21EC6265200C51291 /* EnsemblesTableViewModel.swift */,
			);
			name = ViewModel;
			sourceTree = "<group>";
		};
		E0CDDDF71EC7514C000175C4 /* Helpers */ = {
			isa = PBXGroup;
			children = (
				E0CDDDF81EC75187000175C4 /* IndexPathExtensionTests.swift */,
				E0CDDDFB1EC75342000175C4 /* DateExtensionTests.swift */,
			);
			name = Helpers;
			sourceTree = "<group>";
		};
		E0E93D6F1EC6F15300E60A11 /* ViewModel */ = {
			isa = PBXGroup;
			children = (
				E0E93D701EC6F18800E60A11 /* EventFormViewModelTests.swift */,
			);
			name = ViewModel;
			sourceTree = "<group>";
		};
/* End PBXGroup section */

/* Begin PBXNativeTarget section */
		C1F0F4311D24249C004124E2 /* Gigsterous */ = {
			isa = PBXNativeTarget;
			buildConfigurationList = C1F0F45C1D24249C004124E2 /* Build configuration list for PBXNativeTarget "Gigsterous" */;
			buildPhases = (
				6E544E20A619A40B56E8D78A /* [CP] Check Pods Manifest.lock */,
				C1F0F42E1D24249C004124E2 /* Sources */,
				C1F0F42F1D24249C004124E2 /* Frameworks */,
				C1F0F4301D24249C004124E2 /* Resources */,
				E0A390071DE37140009A6248 /* ShellScript */,
				3FD2302166B3D969344A6570 /* [CP] Embed Pods Frameworks */,
				8883DD0CDE4C2B5259D3E677 /* [CP] Copy Pods Resources */,
			);
			buildRules = (
			);
			dependencies = (
			);
			name = Gigsterous;
			productName = Gigsterous;
			productReference = C1F0F4321D24249C004124E2 /* Gigsterous.app */;
			productType = "com.apple.product-type.application";
		};
		C1F0F4471D24249C004124E2 /* GigsterousTests */ = {
			isa = PBXNativeTarget;
			buildConfigurationList = C1F0F45F1D24249C004124E2 /* Build configuration list for PBXNativeTarget "GigsterousTests" */;
			buildPhases = (
				2B2DD7DC1499FA5B14F5633B /* [CP] Check Pods Manifest.lock */,
				C1F0F4441D24249C004124E2 /* Sources */,
				C1F0F4451D24249C004124E2 /* Frameworks */,
				C1F0F4461D24249C004124E2 /* Resources */,
				49D67F9686F4E71AE1E721E4 /* [CP] Embed Pods Frameworks */,
				70445B5F4DFE815EBE851688 /* [CP] Copy Pods Resources */,
			);
			buildRules = (
			);
			dependencies = (
				C1F0F44A1D24249C004124E2 /* PBXTargetDependency */,
			);
			name = GigsterousTests;
			productName = GigsterousTests;
			productReference = C1F0F4481D24249C004124E2 /* GigsterousTests.xctest */;
			productType = "com.apple.product-type.bundle.unit-test";
		};
		C1F0F4521D24249C004124E2 /* GigsterousUITests */ = {
			isa = PBXNativeTarget;
			buildConfigurationList = C1F0F4621D24249C004124E2 /* Build configuration list for PBXNativeTarget "GigsterousUITests" */;
			buildPhases = (
				C1F0F44F1D24249C004124E2 /* Sources */,
				C1F0F4501D24249C004124E2 /* Frameworks */,
				C1F0F4511D24249C004124E2 /* Resources */,
			);
			buildRules = (
			);
			dependencies = (
				C1F0F4551D24249C004124E2 /* PBXTargetDependency */,
			);
			name = GigsterousUITests;
			productName = GigsterousUITests;
			productReference = C1F0F4531D24249C004124E2 /* GigsterousUITests.xctest */;
			productType = "com.apple.product-type.bundle.ui-testing";
		};
/* End PBXNativeTarget section */

/* Begin PBXProject section */
		C1F0F42A1D24249C004124E2 /* Project object */ = {
			isa = PBXProject;
			attributes = {
				LastSwiftUpdateCheck = 0730;
				LastUpgradeCheck = 0820;
				ORGANIZATIONNAME = "Svacha, Michal";
				TargetAttributes = {
					C1F0F4311D24249C004124E2 = {
						CreatedOnToolsVersion = 7.3;
						DevelopmentTeam = 5P5942GPL5;
						LastSwiftMigration = 0800;
						ProvisioningStyle = Manual;
					};
					C1F0F4471D24249C004124E2 = {
						CreatedOnToolsVersion = 7.3;
						LastSwiftMigration = 0800;
						ProvisioningStyle = Automatic;
						TestTargetID = C1F0F4311D24249C004124E2;
					};
					C1F0F4521D24249C004124E2 = {
						CreatedOnToolsVersion = 7.3;
						LastSwiftMigration = 0800;
						TestTargetID = C1F0F4311D24249C004124E2;
					};
				};
			};
			buildConfigurationList = C1F0F42D1D24249C004124E2 /* Build configuration list for PBXProject "Gigsterous" */;
			compatibilityVersion = "Xcode 3.2";
			developmentRegion = English;
			hasScannedForEncodings = 0;
			knownRegions = (
				en,
				Base,
			);
			mainGroup = C1F0F4291D24249C004124E2;
			productRefGroup = C1F0F4331D24249C004124E2 /* Products */;
			projectDirPath = "";
			projectRoot = "";
			targets = (
				C1F0F4311D24249C004124E2 /* Gigsterous */,
				C1F0F4471D24249C004124E2 /* GigsterousTests */,
				C1F0F4521D24249C004124E2 /* GigsterousUITests */,
			);
		};
/* End PBXProject section */

/* Begin PBXResourcesBuildPhase section */
		C1F0F4301D24249C004124E2 /* Resources */ = {
			isa = PBXResourcesBuildPhase;
			buildActionMask = 2147483647;
			files = (
				C1F0F4421D24249C004124E2 /* LaunchScreen.storyboard in Resources */,
				E081746E1E087BD30077C0C8 /* venues.json in Resources */,
				C1FD6BE51D9482F500E11288 /* people.json in Resources */,
				C1FD6BE61D9482F800E11288 /* events.json in Resources */,
				C18B7A8E1D6DBE520032E357 /* Localizable.strings in Resources */,
				C1F0F43F1D24249C004124E2 /* Assets.xcassets in Resources */,
				C1FD6BE71D9482FB00E11288 /* ensembles.json in Resources */,
				C1F0F43D1D24249C004124E2 /* Main.storyboard in Resources */,
			);
			runOnlyForDeploymentPostprocessing = 0;
		};
		C1F0F4461D24249C004124E2 /* Resources */ = {
			isa = PBXResourcesBuildPhase;
			buildActionMask = 2147483647;
			files = (
				C12FA0FC1D93A26A005A056D /* events.json in Resources */,
				E081746F1E087BD30077C0C8 /* venues.json in Resources */,
				C12FA0FB1D93A26A005A056D /* ensembles.json in Resources */,
				C12FA0FD1D93A26A005A056D /* people.json in Resources */,
			);
			runOnlyForDeploymentPostprocessing = 0;
		};
		C1F0F4511D24249C004124E2 /* Resources */ = {
			isa = PBXResourcesBuildPhase;
			buildActionMask = 2147483647;
			files = (
			);
			runOnlyForDeploymentPostprocessing = 0;
		};
/* End PBXResourcesBuildPhase section */

/* Begin PBXShellScriptBuildPhase section */
		2B2DD7DC1499FA5B14F5633B /* [CP] Check Pods Manifest.lock */ = {
			isa = PBXShellScriptBuildPhase;
			buildActionMask = 2147483647;
			files = (
			);
			inputPaths = (
			);
			name = "[CP] Check Pods Manifest.lock";
			outputPaths = (
			);
			runOnlyForDeploymentPostprocessing = 0;
			shellPath = /bin/sh;
			shellScript = "diff \"${PODS_PODFILE_DIR_PATH}/Podfile.lock\" \"${PODS_ROOT}/Manifest.lock\" > /dev/null\nif [ $? != 0 ] ; then\n    # print error to STDERR\n    echo \"error: The sandbox is not in sync with the Podfile.lock. Run 'pod install' or update your CocoaPods installation.\" >&2\n    exit 1\nfi\n";
			showEnvVarsInLog = 0;
		};
		3FD2302166B3D969344A6570 /* [CP] Embed Pods Frameworks */ = {
			isa = PBXShellScriptBuildPhase;
			buildActionMask = 2147483647;
			files = (
			);
			inputPaths = (
			);
			name = "[CP] Embed Pods Frameworks";
			outputPaths = (
			);
			runOnlyForDeploymentPostprocessing = 0;
			shellPath = /bin/sh;
			shellScript = "\"${SRCROOT}/Pods/Target Support Files/Pods-Gigsterous/Pods-Gigsterous-frameworks.sh\"\n";
			showEnvVarsInLog = 0;
		};
		49D67F9686F4E71AE1E721E4 /* [CP] Embed Pods Frameworks */ = {
			isa = PBXShellScriptBuildPhase;
			buildActionMask = 2147483647;
			files = (
			);
			inputPaths = (
			);
			name = "[CP] Embed Pods Frameworks";
			outputPaths = (
			);
			runOnlyForDeploymentPostprocessing = 0;
			shellPath = /bin/sh;
			shellScript = "\"${SRCROOT}/Pods/Target Support Files/Pods-Gigsterous-GigsterousTests/Pods-Gigsterous-GigsterousTests-frameworks.sh\"\n";
			showEnvVarsInLog = 0;
		};
		6E544E20A619A40B56E8D78A /* [CP] Check Pods Manifest.lock */ = {
			isa = PBXShellScriptBuildPhase;
			buildActionMask = 2147483647;
			files = (
			);
			inputPaths = (
			);
			name = "[CP] Check Pods Manifest.lock";
			outputPaths = (
			);
			runOnlyForDeploymentPostprocessing = 0;
			shellPath = /bin/sh;
			shellScript = "diff \"${PODS_PODFILE_DIR_PATH}/Podfile.lock\" \"${PODS_ROOT}/Manifest.lock\" > /dev/null\nif [ $? != 0 ] ; then\n    # print error to STDERR\n    echo \"error: The sandbox is not in sync with the Podfile.lock. Run 'pod install' or update your CocoaPods installation.\" >&2\n    exit 1\nfi\n";
			showEnvVarsInLog = 0;
		};
		70445B5F4DFE815EBE851688 /* [CP] Copy Pods Resources */ = {
			isa = PBXShellScriptBuildPhase;
			buildActionMask = 2147483647;
			files = (
			);
			inputPaths = (
			);
			name = "[CP] Copy Pods Resources";
			outputPaths = (
			);
			runOnlyForDeploymentPostprocessing = 0;
			shellPath = /bin/sh;
			shellScript = "\"${SRCROOT}/Pods/Target Support Files/Pods-Gigsterous-GigsterousTests/Pods-Gigsterous-GigsterousTests-resources.sh\"\n";
			showEnvVarsInLog = 0;
		};
		8883DD0CDE4C2B5259D3E677 /* [CP] Copy Pods Resources */ = {
			isa = PBXShellScriptBuildPhase;
			buildActionMask = 2147483647;
			files = (
			);
			inputPaths = (
			);
			name = "[CP] Copy Pods Resources";
			outputPaths = (
			);
			runOnlyForDeploymentPostprocessing = 0;
			shellPath = /bin/sh;
			shellScript = "\"${SRCROOT}/Pods/Target Support Files/Pods-Gigsterous/Pods-Gigsterous-resources.sh\"\n";
			showEnvVarsInLog = 0;
		};
		E0A390071DE37140009A6248 /* ShellScript */ = {
			isa = PBXShellScriptBuildPhase;
			buildActionMask = 2147483647;
			files = (
			);
			inputPaths = (
			);
			outputPaths = (
			);
			runOnlyForDeploymentPostprocessing = 0;
			shellPath = /bin/sh;
			shellScript = "\"${PODS_ROOT}/Fabric/run\" 7f8d53ac9880859f111bbea85b04e0dcffe4b209 8249270ff2c95db1077a03485782c7ebf59e98628438fe0115eba8c74ca3fa69";
		};
/* End PBXShellScriptBuildPhase section */

/* Begin PBXSourcesBuildPhase section */
		C1F0F42E1D24249C004124E2 /* Sources */ = {
			isa = PBXSourcesBuildPhase;
			buildActionMask = 2147483647;
			files = (
				C12FA0F01D93A224005A056D /* Ensemble.swift in Sources */,
				C11D16E31D94325D000C874E /* Constants.swift in Sources */,
				C152E9301D649E28005AAF2F /* TabBarSlidingTransition.swift in Sources */,
				E002E0691DA6514400232A4D /* EventFormViewController.swift in Sources */,
				C152E92A1D6493A0005AAF2F /* ProfileTableViewController.swift in Sources */,
				C152E9371D64A84A005AAF2F /* ColorSchemes.swift in Sources */,
				E0E25A4A1E0D2B46006F8C14 /* ResponseObject.swift in Sources */,
				C12FA0F21D93A224005A056D /* Person.swift in Sources */,
				C1F0F4361D24249C004124E2 /* AppDelegate.swift in Sources */,
				E042AAC31EC6265200C51291 /* EnsemblesTableViewModel.swift in Sources */,
				C152E9351D64A303005AAF2F /* NavigationViewController.swift in Sources */,
				C152E9221D649357005AAF2F /* EnsemblesTableViewController.swift in Sources */,
				E0F5EA4B1DC6663000700C56 /* DateExtension.swift in Sources */,
				C152E9281D64938F005AAF2F /* AuditionsTableViewController.swift in Sources */,
				E00B93281DA2B49600A77A08 /* DateStringTransform.swift in Sources */,
				E042AAC01EC6245700C51291 /* Venue.swift in Sources */,
				C152E9261D64937C005AAF2F /* EventsTableViewController.swift in Sources */,
				E042AABE1EC6221C00C51291 /* EventsTableViewModel.swift in Sources */,
				E0E25A3E1E0C4993006F8C14 /* ReactiveClient.swift in Sources */,
				C152E9391D64C7D7005AAF2F /* UIColorExtension.swift in Sources */,
				C152E92D1D649DE5005AAF2F /* TabViewController.swift in Sources */,
				C1FD6BE91D95051000E11288 /* Skill.swift in Sources */,
				E0F43E191DB6A8C40087BB10 /* IndexPathExtension.swift in Sources */,
				C1F0F4381D24249C004124E2 /* HomeViewController.swift in Sources */,
				E0E25A461E0D22A9006F8C14 /* Router.swift in Sources */,
				C12FA0F11D93A224005A056D /* Event.swift in Sources */,
				E0C2CA0E1DC3952200779C7C /* EventFormViewModel.swift in Sources */,
				E0E25A431E0C4A73006F8C14 /* AFClient.swift in Sources */,
			);
			runOnlyForDeploymentPostprocessing = 0;
		};
		C1F0F4441D24249C004124E2 /* Sources */ = {
			isa = PBXSourcesBuildPhase;
			buildActionMask = 2147483647;
			files = (
				E05ADE261EC787150086C9C3 /* SkillTests.swift in Sources */,
				E05ADE1F1EC77E520086C9C3 /* RouterTests.swift in Sources */,
				E0E93D711EC6F18800E60A11 /* EventFormViewModelTests.swift in Sources */,
				E05ADE221EC7843F0086C9C3 /* PersonTests.swift in Sources */,
				E05ADE281EC787270086C9C3 /* EnsembleTests.swift in Sources */,
				E05ADE241EC786530086C9C3 /* VenueTests.swift in Sources */,
				E0CDDDFC1EC75342000175C4 /* DateExtensionTests.swift in Sources */,
				E05ADE2A1EC787350086C9C3 /* EventTests.swift in Sources */,
				E0CDDDF91EC75187000175C4 /* IndexPathExtensionTests.swift in Sources */,
				E05ADE2C1EC78A4C0086C9C3 /* ResponseObjectTests.swift in Sources */,
			);
			runOnlyForDeploymentPostprocessing = 0;
		};
		C1F0F44F1D24249C004124E2 /* Sources */ = {
			isa = PBXSourcesBuildPhase;
			buildActionMask = 2147483647;
			files = (
				C1F0F4581D24249C004124E2 /* GigsterousUITests.swift in Sources */,
			);
			runOnlyForDeploymentPostprocessing = 0;
		};
/* End PBXSourcesBuildPhase section */

/* Begin PBXTargetDependency section */
		C1F0F44A1D24249C004124E2 /* PBXTargetDependency */ = {
			isa = PBXTargetDependency;
			target = C1F0F4311D24249C004124E2 /* Gigsterous */;
			targetProxy = C1F0F4491D24249C004124E2 /* PBXContainerItemProxy */;
		};
		C1F0F4551D24249C004124E2 /* PBXTargetDependency */ = {
			isa = PBXTargetDependency;
			target = C1F0F4311D24249C004124E2 /* Gigsterous */;
			targetProxy = C1F0F4541D24249C004124E2 /* PBXContainerItemProxy */;
		};
/* End PBXTargetDependency section */

/* Begin PBXVariantGroup section */
		C1F0F43B1D24249C004124E2 /* Main.storyboard */ = {
			isa = PBXVariantGroup;
			children = (
				C1F0F43C1D24249C004124E2 /* Base */,
			);
			name = Main.storyboard;
			sourceTree = "<group>";
		};
		C1F0F4401D24249C004124E2 /* LaunchScreen.storyboard */ = {
			isa = PBXVariantGroup;
			children = (
				C1F0F4411D24249C004124E2 /* Base */,
			);
			name = LaunchScreen.storyboard;
			sourceTree = "<group>";
		};
/* End PBXVariantGroup section */

/* Begin XCBuildConfiguration section */
		C1F0F45A1D24249C004124E2 /* Debug */ = {
			isa = XCBuildConfiguration;
			buildSettings = {
				ALWAYS_SEARCH_USER_PATHS = NO;
				CLANG_ANALYZER_NONNULL = YES;
				CLANG_CXX_LANGUAGE_STANDARD = "gnu++0x";
				CLANG_CXX_LIBRARY = "libc++";
				CLANG_ENABLE_MODULES = YES;
				CLANG_ENABLE_OBJC_ARC = YES;
				CLANG_WARN_BOOL_CONVERSION = YES;
				CLANG_WARN_CONSTANT_CONVERSION = YES;
				CLANG_WARN_DIRECT_OBJC_ISA_USAGE = YES_ERROR;
				CLANG_WARN_EMPTY_BODY = YES;
				CLANG_WARN_ENUM_CONVERSION = YES;
				CLANG_WARN_INFINITE_RECURSION = YES;
				CLANG_WARN_INT_CONVERSION = YES;
				CLANG_WARN_OBJC_ROOT_CLASS = YES_ERROR;
				CLANG_WARN_SUSPICIOUS_MOVE = YES;
				CLANG_WARN_UNREACHABLE_CODE = YES;
				CLANG_WARN__DUPLICATE_METHOD_MATCH = YES;
				CODE_SIGN_IDENTITY = "iPhone Developer: Michal Svacha (2J66J83CY3)";
				"CODE_SIGN_IDENTITY[sdk=iphoneos*]" = "iPhone Developer: Michal Svacha (2J66J83CY3)";
				COPY_PHASE_STRIP = NO;
				DEBUG_INFORMATION_FORMAT = dwarf;
				DEVELOPMENT_TEAM = 584XPHFEML;
				ENABLE_STRICT_OBJC_MSGSEND = YES;
				ENABLE_TESTABILITY = YES;
				GCC_C_LANGUAGE_STANDARD = gnu99;
				GCC_DYNAMIC_NO_PIC = NO;
				GCC_NO_COMMON_BLOCKS = YES;
				GCC_OPTIMIZATION_LEVEL = 0;
				GCC_PREPROCESSOR_DEFINITIONS = (
					"DEBUG=1",
					"$(inherited)",
				);
				GCC_WARN_64_TO_32_BIT_CONVERSION = YES;
				GCC_WARN_ABOUT_RETURN_TYPE = YES_ERROR;
				GCC_WARN_UNDECLARED_SELECTOR = YES;
				GCC_WARN_UNINITIALIZED_AUTOS = YES_AGGRESSIVE;
				GCC_WARN_UNUSED_FUNCTION = YES;
				GCC_WARN_UNUSED_VARIABLE = YES;
				IPHONEOS_DEPLOYMENT_TARGET = 10.0;
				MTL_ENABLE_DEBUG_INFO = YES;
				ONLY_ACTIVE_ARCH = YES;
				SDKROOT = iphoneos;
				SWIFT_OPTIMIZATION_LEVEL = "-Onone";
				TARGETED_DEVICE_FAMILY = "1,2";
			};
			name = Debug;
		};
		C1F0F45B1D24249C004124E2 /* Release */ = {
			isa = XCBuildConfiguration;
			buildSettings = {
				ALWAYS_SEARCH_USER_PATHS = NO;
				CLANG_ANALYZER_NONNULL = YES;
				CLANG_CXX_LANGUAGE_STANDARD = "gnu++0x";
				CLANG_CXX_LIBRARY = "libc++";
				CLANG_ENABLE_MODULES = YES;
				CLANG_ENABLE_OBJC_ARC = YES;
				CLANG_WARN_BOOL_CONVERSION = YES;
				CLANG_WARN_CONSTANT_CONVERSION = YES;
				CLANG_WARN_DIRECT_OBJC_ISA_USAGE = YES_ERROR;
				CLANG_WARN_EMPTY_BODY = YES;
				CLANG_WARN_ENUM_CONVERSION = YES;
				CLANG_WARN_INFINITE_RECURSION = YES;
				CLANG_WARN_INT_CONVERSION = YES;
				CLANG_WARN_OBJC_ROOT_CLASS = YES_ERROR;
				CLANG_WARN_SUSPICIOUS_MOVE = YES;
				CLANG_WARN_UNREACHABLE_CODE = YES;
				CLANG_WARN__DUPLICATE_METHOD_MATCH = YES;
				CODE_SIGN_IDENTITY = "iPhone Developer: Michal Svacha (2J66J83CY3)";
				"CODE_SIGN_IDENTITY[sdk=iphoneos*]" = "iPhone Developer: Michal Svacha (2J66J83CY3)";
				COPY_PHASE_STRIP = NO;
				DEBUG_INFORMATION_FORMAT = "dwarf-with-dsym";
				DEVELOPMENT_TEAM = 584XPHFEML;
				ENABLE_NS_ASSERTIONS = NO;
				ENABLE_STRICT_OBJC_MSGSEND = YES;
				GCC_C_LANGUAGE_STANDARD = gnu99;
				GCC_NO_COMMON_BLOCKS = YES;
				GCC_WARN_64_TO_32_BIT_CONVERSION = YES;
				GCC_WARN_ABOUT_RETURN_TYPE = YES_ERROR;
				GCC_WARN_UNDECLARED_SELECTOR = YES;
				GCC_WARN_UNINITIALIZED_AUTOS = YES_AGGRESSIVE;
				GCC_WARN_UNUSED_FUNCTION = YES;
				GCC_WARN_UNUSED_VARIABLE = YES;
				IPHONEOS_DEPLOYMENT_TARGET = 10.0;
				MTL_ENABLE_DEBUG_INFO = NO;
				SDKROOT = iphoneos;
				SWIFT_OPTIMIZATION_LEVEL = "-Owholemodule";
				TARGETED_DEVICE_FAMILY = "1,2";
				VALIDATE_PRODUCT = YES;
			};
			name = Release;
		};
		C1F0F45D1D24249C004124E2 /* Debug */ = {
			isa = XCBuildConfiguration;
			baseConfigurationReference = 31F22BFA117F960674DAB2E7 /* Pods-Gigsterous.debug.xcconfig */;
			buildSettings = {
				ASSETCATALOG_COMPILER_APPICON_NAME = AppIcon;
				CODE_SIGN_IDENTITY = "iPhone Developer";
				DEBUG_INFORMATION_FORMAT = "dwarf-with-dsym";
				DEVELOPMENT_TEAM = 5P5942GPL5;
				INFOPLIST_FILE = Gigsterous/Resources/Info.plist;
				IPHONEOS_DEPLOYMENT_TARGET = 10.0;
				LD_RUNPATH_SEARCH_PATHS = "$(inherited) @executable_path/Frameworks";
				PRODUCT_BUNDLE_IDENTIFIER = com.gigsterous.mobile.Gigsterous;
				PRODUCT_NAME = "$(TARGET_NAME)";
				PROVISIONING_PROFILE = "1a405780-750a-4b40-b886-06c3072987c1";
				PROVISIONING_PROFILE_SPECIFIER = "match Development com.gigsterous.mobile.Gigsterous";
				SWIFT_VERSION = 3.0;
			};
			name = Debug;
		};
		C1F0F45E1D24249C004124E2 /* Release */ = {
			isa = XCBuildConfiguration;
			baseConfigurationReference = 84D96D390D09F95BAA9BEABB /* Pods-Gigsterous.release.xcconfig */;
			buildSettings = {
				ASSETCATALOG_COMPILER_APPICON_NAME = AppIcon;
				CODE_SIGN_IDENTITY = "iPhone Developer";
				DEVELOPMENT_TEAM = 5P5942GPL5;
				INFOPLIST_FILE = Gigsterous/Resources/Info.plist;
				IPHONEOS_DEPLOYMENT_TARGET = 10.0;
				LD_RUNPATH_SEARCH_PATHS = "$(inherited) @executable_path/Frameworks";
				PRODUCT_BUNDLE_IDENTIFIER = com.gigsterous.mobile.Gigsterous;
				PRODUCT_NAME = "$(TARGET_NAME)";
				PROVISIONING_PROFILE = "1a405780-750a-4b40-b886-06c3072987c1";
				PROVISIONING_PROFILE_SPECIFIER = "match Development com.gigsterous.mobile.Gigsterous";
				SWIFT_VERSION = 3.0;
			};
			name = Release;
		};
		C1F0F4601D24249C004124E2 /* Debug */ = {
			isa = XCBuildConfiguration;
			baseConfigurationReference = 7B5BB5B7DAA85B16BE6E0A15 /* Pods-Gigsterous-GigsterousTests.debug.xcconfig */;
			buildSettings = {
				BUNDLE_LOADER = "$(TEST_HOST)";
				CODE_SIGN_IDENTITY = "iPhone Developer";
				"CODE_SIGN_IDENTITY[sdk=iphoneos*]" = "iPhone Developer";
				DEVELOPMENT_TEAM = "";
				INFOPLIST_FILE = GigsterousTests/Info.plist;
				LD_RUNPATH_SEARCH_PATHS = "$(inherited) @executable_path/Frameworks @loader_path/Frameworks";
				PRODUCT_BUNDLE_IDENTIFIER = com.gigsterous.ios.GigsterousTests;
				PRODUCT_NAME = "$(TARGET_NAME)";
				PROVISIONING_PROFILE_SPECIFIER = "";
				SWIFT_VERSION = 3.0;
				TEST_HOST = "$(BUILT_PRODUCTS_DIR)/Gigsterous.app/Gigsterous";
			};
			name = Debug;
		};
		C1F0F4611D24249C004124E2 /* Release */ = {
			isa = XCBuildConfiguration;
			baseConfigurationReference = D1C546F93B442330F955F001 /* Pods-Gigsterous-GigsterousTests.release.xcconfig */;
			buildSettings = {
				BUNDLE_LOADER = "$(TEST_HOST)";
				CODE_SIGN_IDENTITY = "iPhone Developer";
				"CODE_SIGN_IDENTITY[sdk=iphoneos*]" = "iPhone Developer";
				DEVELOPMENT_TEAM = "";
				INFOPLIST_FILE = GigsterousTests/Info.plist;
				LD_RUNPATH_SEARCH_PATHS = "$(inherited) @executable_path/Frameworks @loader_path/Frameworks";
				PRODUCT_BUNDLE_IDENTIFIER = com.gigsterous.ios.GigsterousTests;
				PRODUCT_NAME = "$(TARGET_NAME)";
				PROVISIONING_PROFILE_SPECIFIER = "";
				SWIFT_VERSION = 3.0;
				TEST_HOST = "$(BUILT_PRODUCTS_DIR)/Gigsterous.app/Gigsterous";
			};
			name = Release;
		};
		C1F0F4631D24249C004124E2 /* Debug */ = {
			isa = XCBuildConfiguration;
			buildSettings = {
				CODE_SIGN_IDENTITY = "iPhone Developer";
				DEVELOPMENT_TEAM = "";
				INFOPLIST_FILE = GigsterousUITests/Info.plist;
				LD_RUNPATH_SEARCH_PATHS = "$(inherited) @executable_path/Frameworks @loader_path/Frameworks";
				PRODUCT_BUNDLE_IDENTIFIER = com.gigsterous.ios.GigsterousUITests;
				PRODUCT_NAME = "$(TARGET_NAME)";
				SWIFT_VERSION = 3.0;
				TEST_TARGET_NAME = Gigsterous;
			};
			name = Debug;
		};
		C1F0F4641D24249C004124E2 /* Release */ = {
			isa = XCBuildConfiguration;
			buildSettings = {
				CODE_SIGN_IDENTITY = "iPhone Developer";
				DEVELOPMENT_TEAM = "";
				INFOPLIST_FILE = GigsterousUITests/Info.plist;
				LD_RUNPATH_SEARCH_PATHS = "$(inherited) @executable_path/Frameworks @loader_path/Frameworks";
				PRODUCT_BUNDLE_IDENTIFIER = com.gigsterous.ios.GigsterousUITests;
				PRODUCT_NAME = "$(TARGET_NAME)";
				SWIFT_VERSION = 3.0;
				TEST_TARGET_NAME = Gigsterous;
			};
			name = Release;
		};
/* End XCBuildConfiguration section */

/* Begin XCConfigurationList section */
		C1F0F42D1D24249C004124E2 /* Build configuration list for PBXProject "Gigsterous" */ = {
			isa = XCConfigurationList;
			buildConfigurations = (
				C1F0F45A1D24249C004124E2 /* Debug */,
				C1F0F45B1D24249C004124E2 /* Release */,
			);
			defaultConfigurationIsVisible = 0;
			defaultConfigurationName = Release;
		};
		C1F0F45C1D24249C004124E2 /* Build configuration list for PBXNativeTarget "Gigsterous" */ = {
			isa = XCConfigurationList;
			buildConfigurations = (
				C1F0F45D1D24249C004124E2 /* Debug */,
				C1F0F45E1D24249C004124E2 /* Release */,
			);
			defaultConfigurationIsVisible = 0;
			defaultConfigurationName = Release;
		};
		C1F0F45F1D24249C004124E2 /* Build configuration list for PBXNativeTarget "GigsterousTests" */ = {
			isa = XCConfigurationList;
			buildConfigurations = (
				C1F0F4601D24249C004124E2 /* Debug */,
				C1F0F4611D24249C004124E2 /* Release */,
			);
			defaultConfigurationIsVisible = 0;
			defaultConfigurationName = Release;
		};
		C1F0F4621D24249C004124E2 /* Build configuration list for PBXNativeTarget "GigsterousUITests" */ = {
			isa = XCConfigurationList;
			buildConfigurations = (
				C1F0F4631D24249C004124E2 /* Debug */,
				C1F0F4641D24249C004124E2 /* Release */,
			);
			defaultConfigurationIsVisible = 0;
			defaultConfigurationName = Release;
		};
/* End XCConfigurationList section */
	};
	rootObject = C1F0F42A1D24249C004124E2 /* Project object */;
}
