// !$*UTF8*$!
{
	archiveVersion = 1;
	classes = {
	};
	objectVersion = 46;
	objects = {

/* Begin PBXBuildFile section */
		336C61273DF7D0D7A1009E20 /* Pods_Gigsterous.framework in Frameworks */ = {isa = PBXBuildFile; fileRef = F0F53CD2D708B3C63F66D9B5 /* Pods_Gigsterous.framework */; };
		C152E9221D649357005AAF2F /* EnsemblesTableViewController.swift in Sources */ = {isa = PBXBuildFile; fileRef = C152E9211D649357005AAF2F /* EnsemblesTableViewController.swift */; };
		C152E9261D64937C005AAF2F /* EventsTableViewController.swift in Sources */ = {isa = PBXBuildFile; fileRef = C152E9251D64937C005AAF2F /* EventsTableViewController.swift */; };
		C152E9281D64938F005AAF2F /* AuditionsTableViewController.swift in Sources */ = {isa = PBXBuildFile; fileRef = C152E9271D64938F005AAF2F /* AuditionsTableViewController.swift */; };
		C152E92A1D6493A0005AAF2F /* ProfileTableViewController.swift in Sources */ = {isa = PBXBuildFile; fileRef = C152E9291D6493A0005AAF2F /* ProfileTableViewController.swift */; };
		C152E92D1D649DE5005AAF2F /* TabViewController.swift in Sources */ = {isa = PBXBuildFile; fileRef = C152E92C1D649DE5005AAF2F /* TabViewController.swift */; };
		C152E9301D649E28005AAF2F /* TabBarSlidingTransition.swift in Sources */ = {isa = PBXBuildFile; fileRef = C152E92F1D649E28005AAF2F /* TabBarSlidingTransition.swift */; };
		C152E9351D64A303005AAF2F /* NavigationViewController.swift in Sources */ = {isa = PBXBuildFile; fileRef = C152E9341D64A303005AAF2F /* NavigationViewController.swift */; };
		C152E9371D64A84A005AAF2F /* ColorSchemes.swift in Sources */ = {isa = PBXBuildFile; fileRef = C152E9361D64A84A005AAF2F /* ColorSchemes.swift */; };
		C152E9391D64C7D7005AAF2F /* UIColorExtension.swift in Sources */ = {isa = PBXBuildFile; fileRef = C152E9381D64C7D7005AAF2F /* UIColorExtension.swift */; };
		C18B7A8E1D6DBE520032E357 /* Localizable.strings in Resources */ = {isa = PBXBuildFile; fileRef = C18B7A8D1D6DBE520032E357 /* Localizable.strings */; };
		C1F0F4361D24249C004124E2 /* AppDelegate.swift in Sources */ = {isa = PBXBuildFile; fileRef = C1F0F4351D24249C004124E2 /* AppDelegate.swift */; };
		C1F0F4381D24249C004124E2 /* HomeViewController.swift in Sources */ = {isa = PBXBuildFile; fileRef = C1F0F4371D24249C004124E2 /* HomeViewController.swift */; };
		C1F0F43D1D24249C004124E2 /* Main.storyboard in Resources */ = {isa = PBXBuildFile; fileRef = C1F0F43B1D24249C004124E2 /* Main.storyboard */; };
		C1F0F43F1D24249C004124E2 /* Assets.xcassets in Resources */ = {isa = PBXBuildFile; fileRef = C1F0F43E1D24249C004124E2 /* Assets.xcassets */; };
		C1F0F4421D24249C004124E2 /* LaunchScreen.storyboard in Resources */ = {isa = PBXBuildFile; fileRef = C1F0F4401D24249C004124E2 /* LaunchScreen.storyboard */; };
		C1F0F44D1D24249C004124E2 /* GigsterousTests.swift in Sources */ = {isa = PBXBuildFile; fileRef = C1F0F44C1D24249C004124E2 /* GigsterousTests.swift */; };
		C1F0F4581D24249C004124E2 /* GigsterousUITests.swift in Sources */ = {isa = PBXBuildFile; fileRef = C1F0F4571D24249C004124E2 /* GigsterousUITests.swift */; };
/* End PBXBuildFile section */

/* Begin PBXContainerItemProxy section */
		C1F0F4491D24249C004124E2 /* PBXContainerItemProxy */ = {
			isa = PBXContainerItemProxy;
			containerPortal = C1F0F42A1D24249C004124E2 /* Project object */;
			proxyType = 1;
			remoteGlobalIDString = C1F0F4311D24249C004124E2;
			remoteInfo = Gigsterous;
		};
		C1F0F4541D24249C004124E2 /* PBXContainerItemProxy */ = {
			isa = PBXContainerItemProxy;
			containerPortal = C1F0F42A1D24249C004124E2 /* Project object */;
			proxyType = 1;
			remoteGlobalIDString = C1F0F4311D24249C004124E2;
			remoteInfo = Gigsterous;
		};
/* End PBXContainerItemProxy section */

/* Begin PBXFileReference section */
		12C13A8988E6893739DB0B53 /* Pods.framework */ = {isa = PBXFileReference; explicitFileType = wrapper.framework; includeInIndex = 0; path = Pods.framework; sourceTree = BUILT_PRODUCTS_DIR; };
		AF31B5C5191A8582E6B3888F /* Pods-Gigsterous.debug.xcconfig */ = {isa = PBXFileReference; includeInIndex = 1; lastKnownFileType = text.xcconfig; name = "Pods-Gigsterous.debug.xcconfig"; path = "Pods/Target Support Files/Pods-Gigsterous/Pods-Gigsterous.debug.xcconfig"; sourceTree = "<group>"; };
		C152E9211D649357005AAF2F /* EnsemblesTableViewController.swift */ = {isa = PBXFileReference; fileEncoding = 4; lastKnownFileType = sourcecode.swift; name = EnsemblesTableViewController.swift; path = Gigsterous/Classes/Controllers/EnsemblesTableViewController.swift; sourceTree = SOURCE_ROOT; };
		C152E9251D64937C005AAF2F /* EventsTableViewController.swift */ = {isa = PBXFileReference; fileEncoding = 4; lastKnownFileType = sourcecode.swift; path = EventsTableViewController.swift; sourceTree = "<group>"; };
		C152E9271D64938F005AAF2F /* AuditionsTableViewController.swift */ = {isa = PBXFileReference; fileEncoding = 4; lastKnownFileType = sourcecode.swift; path = AuditionsTableViewController.swift; sourceTree = "<group>"; };
		C152E9291D6493A0005AAF2F /* ProfileTableViewController.swift */ = {isa = PBXFileReference; fileEncoding = 4; lastKnownFileType = sourcecode.swift; path = ProfileTableViewController.swift; sourceTree = "<group>"; };
		C152E92C1D649DE5005AAF2F /* TabViewController.swift */ = {isa = PBXFileReference; fileEncoding = 4; lastKnownFileType = sourcecode.swift; path = TabViewController.swift; sourceTree = "<group>"; };
		C152E92F1D649E28005AAF2F /* TabBarSlidingTransition.swift */ = {isa = PBXFileReference; fileEncoding = 4; lastKnownFileType = sourcecode.swift; path = TabBarSlidingTransition.swift; sourceTree = "<group>"; };
		C152E9341D64A303005AAF2F /* NavigationViewController.swift */ = {isa = PBXFileReference; fileEncoding = 4; lastKnownFileType = sourcecode.swift; path = NavigationViewController.swift; sourceTree = "<group>"; };
		C152E9361D64A84A005AAF2F /* ColorSchemes.swift */ = {isa = PBXFileReference; fileEncoding = 4; lastKnownFileType = sourcecode.swift; path = ColorSchemes.swift; sourceTree = "<group>"; };
		C152E9381D64C7D7005AAF2F /* UIColorExtension.swift */ = {isa = PBXFileReference; fileEncoding = 4; lastKnownFileType = sourcecode.swift; path = UIColorExtension.swift; sourceTree = "<group>"; };
		C18B7A8D1D6DBE520032E357 /* Localizable.strings */ = {isa = PBXFileReference; fileEncoding = 4; lastKnownFileType = text.plist.strings; path = Localizable.strings; sourceTree = "<group>"; };
		C1F0F4321D24249C004124E2 /* Gigsterous.app */ = {isa = PBXFileReference; explicitFileType = wrapper.application; includeInIndex = 0; path = Gigsterous.app; sourceTree = BUILT_PRODUCTS_DIR; };
		C1F0F4351D24249C004124E2 /* AppDelegate.swift */ = {isa = PBXFileReference; lastKnownFileType = sourcecode.swift; path = AppDelegate.swift; sourceTree = "<group>"; };
		C1F0F4371D24249C004124E2 /* HomeViewController.swift */ = {isa = PBXFileReference; lastKnownFileType = sourcecode.swift; path = HomeViewController.swift; sourceTree = "<group>"; };
		C1F0F43C1D24249C004124E2 /* Base */ = {isa = PBXFileReference; lastKnownFileType = file.storyboard; name = Base; path = Base.lproj/Main.storyboard; sourceTree = "<group>"; };
		C1F0F43E1D24249C004124E2 /* Assets.xcassets */ = {isa = PBXFileReference; lastKnownFileType = folder.assetcatalog; path = Assets.xcassets; sourceTree = "<group>"; };
		C1F0F4411D24249C004124E2 /* Base */ = {isa = PBXFileReference; lastKnownFileType = file.storyboard; name = Base; path = Base.lproj/LaunchScreen.storyboard; sourceTree = "<group>"; };
		C1F0F4431D24249C004124E2 /* Info.plist */ = {isa = PBXFileReference; lastKnownFileType = text.plist.xml; path = Info.plist; sourceTree = "<group>"; };
		C1F0F4481D24249C004124E2 /* GigsterousTests.xctest */ = {isa = PBXFileReference; explicitFileType = wrapper.cfbundle; includeInIndex = 0; path = GigsterousTests.xctest; sourceTree = BUILT_PRODUCTS_DIR; };
		C1F0F44C1D24249C004124E2 /* GigsterousTests.swift */ = {isa = PBXFileReference; lastKnownFileType = sourcecode.swift; path = GigsterousTests.swift; sourceTree = "<group>"; };
		C1F0F44E1D24249C004124E2 /* Info.plist */ = {isa = PBXFileReference; lastKnownFileType = text.plist.xml; path = Info.plist; sourceTree = "<group>"; };
		C1F0F4531D24249C004124E2 /* GigsterousUITests.xctest */ = {isa = PBXFileReference; explicitFileType = wrapper.cfbundle; includeInIndex = 0; path = GigsterousUITests.xctest; sourceTree = BUILT_PRODUCTS_DIR; };
		C1F0F4571D24249C004124E2 /* GigsterousUITests.swift */ = {isa = PBXFileReference; lastKnownFileType = sourcecode.swift; path = GigsterousUITests.swift; sourceTree = "<group>"; };
		C1F0F4591D24249C004124E2 /* Info.plist */ = {isa = PBXFileReference; lastKnownFileType = text.plist.xml; path = Info.plist; sourceTree = "<group>"; };
		EAD29A55A57DB7E875755602 /* Pods-Gigsterous.release.xcconfig */ = {isa = PBXFileReference; includeInIndex = 1; lastKnownFileType = text.xcconfig; name = "Pods-Gigsterous.release.xcconfig"; path = "Pods/Target Support Files/Pods-Gigsterous/Pods-Gigsterous.release.xcconfig"; sourceTree = "<group>"; };
		F0F53CD2D708B3C63F66D9B5 /* Pods_Gigsterous.framework */ = {isa = PBXFileReference; explicitFileType = wrapper.framework; includeInIndex = 0; path = Pods_Gigsterous.framework; sourceTree = BUILT_PRODUCTS_DIR; };
/* End PBXFileReference section */

/* Begin PBXFrameworksBuildPhase section */
		C1F0F42F1D24249C004124E2 /* Frameworks */ = {
			isa = PBXFrameworksBuildPhase;
			buildActionMask = 2147483647;
			files = (
				336C61273DF7D0D7A1009E20 /* Pods_Gigsterous.framework in Frameworks */,
			);
			runOnlyForDeploymentPostprocessing = 0;
		};
		C1F0F4451D24249C004124E2 /* Frameworks */ = {
			isa = PBXFrameworksBuildPhase;
			buildActionMask = 2147483647;
			files = (
			);
			runOnlyForDeploymentPostprocessing = 0;
		};
		C1F0F4501D24249C004124E2 /* Frameworks */ = {
			isa = PBXFrameworksBuildPhase;
			buildActionMask = 2147483647;
			files = (
			);
			runOnlyForDeploymentPostprocessing = 0;
		};
/* End PBXFrameworksBuildPhase section */

/* Begin PBXGroup section */
		1C6B135251882588CF3CE799 /* Frameworks */ = {
			isa = PBXGroup;
			children = (
				12C13A8988E6893739DB0B53 /* Pods.framework */,
				F0F53CD2D708B3C63F66D9B5 /* Pods_Gigsterous.framework */,
			);
			name = Frameworks;
			sourceTree = "<group>";
		};
		38CDB4CC56FBA2AF5CC75424 /* Pods */ = {
			isa = PBXGroup;
			children = (
				AF31B5C5191A8582E6B3888F /* Pods-Gigsterous.debug.xcconfig */,
				EAD29A55A57DB7E875755602 /* Pods-Gigsterous.release.xcconfig */,
			);
			name = Pods;
			sourceTree = "<group>";
		};
		C10212621D6D9CF40045C3A9 /* Classes */ = {
			isa = PBXGroup;
			children = (
				C1F0F4351D24249C004124E2 /* AppDelegate.swift */,
				C152E92B1D6493CF005AAF2F /* Controllers */,
				C152E9311D64A143005AAF2F /* Helpers */,
			);
			path = Classes;
			sourceTree = "<group>";
		};
		C10212631D6D9D000045C3A9 /* Resources */ = {
			isa = PBXGroup;
			children = (
				C1F0F43B1D24249C004124E2 /* Main.storyboard */,
				C1F0F43E1D24249C004124E2 /* Assets.xcassets */,
				C1F0F4401D24249C004124E2 /* LaunchScreen.storyboard */,
				C1F0F4431D24249C004124E2 /* Info.plist */,
				C18B7A8D1D6DBE520032E357 /* Localizable.strings */,
			);
			path = Resources;
			sourceTree = "<group>";
		};
		C152E92B1D6493CF005AAF2F /* Controllers */ = {
			isa = PBXGroup;
			children = (
				C152E92E1D649E12005AAF2F /* Navigation */,
				C1F0F4371D24249C004124E2 /* HomeViewController.swift */,
				C152E9211D649357005AAF2F /* EnsemblesTableViewController.swift */,
				C152E9251D64937C005AAF2F /* EventsTableViewController.swift */,
				C152E9271D64938F005AAF2F /* AuditionsTableViewController.swift */,
				C152E9291D6493A0005AAF2F /* ProfileTableViewController.swift */,
			);
			path = Controllers;
			sourceTree = "<group>";
		};
		C152E92E1D649E12005AAF2F /* Navigation */ = {
			isa = PBXGroup;
			children = (
				C152E9341D64A303005AAF2F /* NavigationViewController.swift */,
				C152E92C1D649DE5005AAF2F /* TabViewController.swift */,
				C152E92F1D649E28005AAF2F /* TabBarSlidingTransition.swift */,
			);
			path = Navigation;
			sourceTree = "<group>";
		};
		C152E9311D64A143005AAF2F /* Helpers */ = {
			isa = PBXGroup;
			children = (
				C152E9361D64A84A005AAF2F /* ColorSchemes.swift */,
				C152E9381D64C7D7005AAF2F /* UIColorExtension.swift */,
			);
			path = Helpers;
			sourceTree = "<group>";
		};
		C1F0F4291D24249C004124E2 = {
			isa = PBXGroup;
			children = (
				C1F0F4341D24249C004124E2 /* Gigsterous */,
				C1F0F44B1D24249C004124E2 /* GigsterousTests */,
				C1F0F4561D24249C004124E2 /* GigsterousUITests */,
				C1F0F4331D24249C004124E2 /* Products */,
				1C6B135251882588CF3CE799 /* Frameworks */,
				38CDB4CC56FBA2AF5CC75424 /* Pods */,
			);
			sourceTree = "<group>";
		};
		C1F0F4331D24249C004124E2 /* Products */ = {
			isa = PBXGroup;
			children = (
				C1F0F4321D24249C004124E2 /* Gigsterous.app */,
				C1F0F4481D24249C004124E2 /* GigsterousTests.xctest */,
				C1F0F4531D24249C004124E2 /* GigsterousUITests.xctest */,
			);
			name = Products;
			sourceTree = "<group>";
		};
		C1F0F4341D24249C004124E2 /* Gigsterous */ = {
			isa = PBXGroup;
			children = (
				C10212621D6D9CF40045C3A9 /* Classes */,
				C10212631D6D9D000045C3A9 /* Resources */,
			);
			path = Gigsterous;
			sourceTree = "<group>";
		};
		C1F0F44B1D24249C004124E2 /* GigsterousTests */ = {
			isa = PBXGroup;
			children = (
				C1F0F44C1D24249C004124E2 /* GigsterousTests.swift */,
				C1F0F44E1D24249C004124E2 /* Info.plist */,
			);
			path = GigsterousTests;
			sourceTree = "<group>";
		};
		C1F0F4561D24249C004124E2 /* GigsterousUITests */ = {
			isa = PBXGroup;
			children = (
				C1F0F4571D24249C004124E2 /* GigsterousUITests.swift */,
				C1F0F4591D24249C004124E2 /* Info.plist */,
			);
			path = GigsterousUITests;
			sourceTree = "<group>";
		};
/* End PBXGroup section */

/* Begin PBXNativeTarget section */
		C1F0F4311D24249C004124E2 /* Gigsterous */ = {
			isa = PBXNativeTarget;
			buildConfigurationList = C1F0F45C1D24249C004124E2 /* Build configuration list for PBXNativeTarget "Gigsterous" */;
			buildPhases = (
				4B5A6E74A6618F8EB472FBFD /* [CP] Check Pods Manifest.lock */,
				C1F0F42E1D24249C004124E2 /* Sources */,
				C1F0F42F1D24249C004124E2 /* Frameworks */,
				C1F0F4301D24249C004124E2 /* Resources */,
				1F1A370C5B8283F0141A5F18 /* [CP] Embed Pods Frameworks */,
				BCE25DC55F645798E88E93F3 /* [CP] Copy Pods Resources */,
			);
			buildRules = (
			);
			dependencies = (
			);
			name = Gigsterous;
			productName = Gigsterous;
			productReference = C1F0F4321D24249C004124E2 /* Gigsterous.app */;
			productType = "com.apple.product-type.application";
		};
		C1F0F4471D24249C004124E2 /* GigsterousTests */ = {
			isa = PBXNativeTarget;
			buildConfigurationList = C1F0F45F1D24249C004124E2 /* Build configuration list for PBXNativeTarget "GigsterousTests" */;
			buildPhases = (
				C1F0F4441D24249C004124E2 /* Sources */,
				C1F0F4451D24249C004124E2 /* Frameworks */,
				C1F0F4461D24249C004124E2 /* Resources */,
			);
			buildRules = (
			);
			dependencies = (
				C1F0F44A1D24249C004124E2 /* PBXTargetDependency */,
			);
			name = GigsterousTests;
			productName = GigsterousTests;
			productReference = C1F0F4481D24249C004124E2 /* GigsterousTests.xctest */;
			productType = "com.apple.product-type.bundle.unit-test";
		};
		C1F0F4521D24249C004124E2 /* GigsterousUITests */ = {
			isa = PBXNativeTarget;
			buildConfigurationList = C1F0F4621D24249C004124E2 /* Build configuration list for PBXNativeTarget "GigsterousUITests" */;
			buildPhases = (
				C1F0F44F1D24249C004124E2 /* Sources */,
				C1F0F4501D24249C004124E2 /* Frameworks */,
				C1F0F4511D24249C004124E2 /* Resources */,
			);
			buildRules = (
			);
			dependencies = (
				C1F0F4551D24249C004124E2 /* PBXTargetDependency */,
			);
			name = GigsterousUITests;
			productName = GigsterousUITests;
			productReference = C1F0F4531D24249C004124E2 /* GigsterousUITests.xctest */;
			productType = "com.apple.product-type.bundle.ui-testing";
		};
/* End PBXNativeTarget section */

/* Begin PBXProject section */
		C1F0F42A1D24249C004124E2 /* Project object */ = {
			isa = PBXProject;
			attributes = {
				LastSwiftUpdateCheck = 0730;
				LastUpgradeCheck = 0730;
				ORGANIZATIONNAME = "Svacha, Michal";
				TargetAttributes = {
					C1F0F4311D24249C004124E2 = {
						CreatedOnToolsVersion = 7.3;
					};
					C1F0F4471D24249C004124E2 = {
						CreatedOnToolsVersion = 7.3;
						TestTargetID = C1F0F4311D24249C004124E2;
					};
					C1F0F4521D24249C004124E2 = {
						CreatedOnToolsVersion = 7.3;
						TestTargetID = C1F0F4311D24249C004124E2;
					};
				};
			};
			buildConfigurationList = C1F0F42D1D24249C004124E2 /* Build configuration list for PBXProject "Gigsterous" */;
			compatibilityVersion = "Xcode 3.2";
			developmentRegion = English;
			hasScannedForEncodings = 0;
			knownRegions = (
				en,
				Base,
			);
			mainGroup = C1F0F4291D24249C004124E2;
			productRefGroup = C1F0F4331D24249C004124E2 /* Products */;
			projectDirPath = "";
			projectRoot = "";
			targets = (
				C1F0F4311D24249C004124E2 /* Gigsterous */,
				C1F0F4471D24249C004124E2 /* GigsterousTests */,
				C1F0F4521D24249C004124E2 /* GigsterousUITests */,
			);
		};
/* End PBXProject section */

/* Begin PBXResourcesBuildPhase section */
		C1F0F4301D24249C004124E2 /* Resources */ = {
			isa = PBXResourcesBuildPhase;
			buildActionMask = 2147483647;
			files = (
				C1F0F4421D24249C004124E2 /* LaunchScreen.storyboard in Resources */,
				C18B7A8E1D6DBE520032E357 /* Localizable.strings in Resources */,
				C1F0F43F1D24249C004124E2 /* Assets.xcassets in Resources */,
				C1F0F43D1D24249C004124E2 /* Main.storyboard in Resources */,
			);
			runOnlyForDeploymentPostprocessing = 0;
		};
		C1F0F4461D24249C004124E2 /* Resources */ = {
			isa = PBXResourcesBuildPhase;
			buildActionMask = 2147483647;
			files = (
			);
			runOnlyForDeploymentPostprocessing = 0;
		};
		C1F0F4511D24249C004124E2 /* Resources */ = {
			isa = PBXResourcesBuildPhase;
			buildActionMask = 2147483647;
			files = (
			);
			runOnlyForDeploymentPostprocessing = 0;
		};
/* End PBXResourcesBuildPhase section */

/* Begin PBXShellScriptBuildPhase section */
		1F1A370C5B8283F0141A5F18 /* [CP] Embed Pods Frameworks */ = {
			isa = PBXShellScriptBuildPhase;
			buildActionMask = 2147483647;
			files = (
			);
			inputPaths = (
			);
			name = "[CP] Embed Pods Frameworks";
			outputPaths = (
			);
			runOnlyForDeploymentPostprocessing = 0;
			shellPath = /bin/sh;
			shellScript = "\"${SRCROOT}/Pods/Target Support Files/Pods-Gigsterous/Pods-Gigsterous-frameworks.sh\"\n";
			showEnvVarsInLog = 0;
		};
		4B5A6E74A6618F8EB472FBFD /* [CP] Check Pods Manifest.lock */ = {
			isa = PBXShellScriptBuildPhase;
			buildActionMask = 2147483647;
			files = (
			);
			inputPaths = (
			);
			name = "[CP] Check Pods Manifest.lock";
			outputPaths = (
			);
			runOnlyForDeploymentPostprocessing = 0;
			shellPath = /bin/sh;
			shellScript = "diff \"${PODS_ROOT}/../Podfile.lock\" \"${PODS_ROOT}/Manifest.lock\" > /dev/null\nif [[ $? != 0 ]] ; then\n    cat << EOM\nerror: The sandbox is not in sync with the Podfile.lock. Run 'pod install' or update your CocoaPods installation.\nEOM\n    exit 1\nfi\n";
			showEnvVarsInLog = 0;
		};
		BCE25DC55F645798E88E93F3 /* [CP] Copy Pods Resources */ = {
			isa = PBXShellScriptBuildPhase;
			buildActionMask = 2147483647;
			files = (
			);
			inputPaths = (
			);
			name = "[CP] Copy Pods Resources";
			outputPaths = (
			);
			runOnlyForDeploymentPostprocessing = 0;
			shellPath = /bin/sh;
			shellScript = "\"${SRCROOT}/Pods/Target Support Files/Pods-Gigsterous/Pods-Gigsterous-resources.sh\"\n";
			showEnvVarsInLog = 0;
		};
/* End PBXShellScriptBuildPhase section */

/* Begin PBXSourcesBuildPhase section */
		C1F0F42E1D24249C004124E2 /* Sources */ = {
			isa = PBXSourcesBuildPhase;
			buildActionMask = 2147483647;
			files = (
				C152E9301D649E28005AAF2F /* TabBarSlidingTransition.swift in Sources */,
				C152E92A1D6493A0005AAF2F /* ProfileTableViewController.swift in Sources */,
				C152E9371D64A84A005AAF2F /* ColorSchemes.swift in Sources */,
				C1F0F4361D24249C004124E2 /* AppDelegate.swift in Sources */,
				C152E9351D64A303005AAF2F /* NavigationViewController.swift in Sources */,
				C152E9221D649357005AAF2F /* EnsemblesTableViewController.swift in Sources */,
				C152E9281D64938F005AAF2F /* AuditionsTableViewController.swift in Sources */,
				C152E9261D64937C005AAF2F /* EventsTableViewController.swift in Sources */,
				C152E9391D64C7D7005AAF2F /* UIColorExtension.swift in Sources */,
				C152E92D1D649DE5005AAF2F /* TabViewController.swift in Sources */,
				C1F0F4381D24249C004124E2 /* HomeViewController.swift in Sources */,
			);
			runOnlyForDeploymentPostprocessing = 0;
		};
		C1F0F4441D24249C004124E2 /* Sources */ = {
			isa = PBXSourcesBuildPhase;
			buildActionMask = 2147483647;
			files = (
				C1F0F44D1D24249C004124E2 /* GigsterousTests.swift in Sources */,
			);
			runOnlyForDeploymentPostprocessing = 0;
		};
		C1F0F44F1D24249C004124E2 /* Sources */ = {
			isa = PBXSourcesBuildPhase;
			buildActionMask = 2147483647;
			files = (
				C1F0F4581D24249C004124E2 /* GigsterousUITests.swift in Sources */,
			);
			runOnlyForDeploymentPostprocessing = 0;
		};
/* End PBXSourcesBuildPhase section */

/* Begin PBXTargetDependency section */
		C1F0F44A1D24249C004124E2 /* PBXTargetDependency */ = {
			isa = PBXTargetDependency;
			target = C1F0F4311D24249C004124E2 /* Gigsterous */;
			targetProxy = C1F0F4491D24249C004124E2 /* PBXContainerItemProxy */;
		};
		C1F0F4551D24249C004124E2 /* PBXTargetDependency */ = {
			isa = PBXTargetDependency;
			target = C1F0F4311D24249C004124E2 /* Gigsterous */;
			targetProxy = C1F0F4541D24249C004124E2 /* PBXContainerItemProxy */;
		};
/* End PBXTargetDependency section */

/* Begin PBXVariantGroup section */
		C1F0F43B1D24249C004124E2 /* Main.storyboard */ = {
			isa = PBXVariantGroup;
			children = (
				C1F0F43C1D24249C004124E2 /* Base */,
			);
			name = Main.storyboard;
			sourceTree = "<group>";
		};
		C1F0F4401D24249C004124E2 /* LaunchScreen.storyboard */ = {
			isa = PBXVariantGroup;
			children = (
				C1F0F4411D24249C004124E2 /* Base */,
			);
			name = LaunchScreen.storyboard;
			sourceTree = "<group>";
		};
/* End PBXVariantGroup section */

/* Begin XCBuildConfiguration section */
		C1F0F45A1D24249C004124E2 /* Debug */ = {
			isa = XCBuildConfiguration;
			buildSettings = {
				ALWAYS_SEARCH_USER_PATHS = NO;
				CLANG_ANALYZER_NONNULL = YES;
				CLANG_CXX_LANGUAGE_STANDARD = "gnu++0x";
				CLANG_CXX_LIBRARY = "libc++";
				CLANG_ENABLE_MODULES = YES;
				CLANG_ENABLE_OBJC_ARC = YES;
				CLANG_WARN_BOOL_CONVERSION = YES;
				CLANG_WARN_CONSTANT_CONVERSION = YES;
				CLANG_WARN_DIRECT_OBJC_ISA_USAGE = YES_ERROR;
				CLANG_WARN_EMPTY_BODY = YES;
				CLANG_WARN_ENUM_CONVERSION = YES;
				CLANG_WARN_INT_CONVERSION = YES;
				CLANG_WARN_OBJC_ROOT_CLASS = YES_ERROR;
				CLANG_WARN_UNREACHABLE_CODE = YES;
				CLANG_WARN__DUPLICATE_METHOD_MATCH = YES;
				"CODE_SIGN_IDENTITY[sdk=iphoneos*]" = "iPhone Developer";
				COPY_PHASE_STRIP = NO;
				DEBUG_INFORMATION_FORMAT = dwarf;
				ENABLE_STRICT_OBJC_MSGSEND = YES;
				ENABLE_TESTABILITY = YES;
				GCC_C_LANGUAGE_STANDARD = gnu99;
				GCC_DYNAMIC_NO_PIC = NO;
				GCC_NO_COMMON_BLOCKS = YES;
				GCC_OPTIMIZATION_LEVEL = 0;
				GCC_PREPROCESSOR_DEFINITIONS = (
					"DEBUG=1",
					"$(inherited)",
				);
				GCC_WARN_64_TO_32_BIT_CONVERSION = YES;
				GCC_WARN_ABOUT_RETURN_TYPE = YES_ERROR;
				GCC_WARN_UNDECLARED_SELECTOR = YES;
				GCC_WARN_UNINITIALIZED_AUTOS = YES_AGGRESSIVE;
				GCC_WARN_UNUSED_FUNCTION = YES;
				GCC_WARN_UNUSED_VARIABLE = YES;
				IPHONEOS_DEPLOYMENT_TARGET = 9.3;
				MTL_ENABLE_DEBUG_INFO = YES;
				ONLY_ACTIVE_ARCH = YES;
				SDKROOT = iphoneos;
				SWIFT_OPTIMIZATION_LEVEL = "-Onone";
				TARGETED_DEVICE_FAMILY = "1,2";
			};
			name = Debug;
		};
		C1F0F45B1D24249C004124E2 /* Release */ = {
			isa = XCBuildConfiguration;
			buildSettings = {
				ALWAYS_SEARCH_USER_PATHS = NO;
				CLANG_ANALYZER_NONNULL = YES;
				CLANG_CXX_LANGUAGE_STANDARD = "gnu++0x";
				CLANG_CXX_LIBRARY = "libc++";
				CLANG_ENABLE_MODULES = YES;
				CLANG_ENABLE_OBJC_ARC = YES;
				CLANG_WARN_BOOL_CONVERSION = YES;
				CLANG_WARN_CONSTANT_CONVERSION = YES;
				CLANG_WARN_DIRECT_OBJC_ISA_USAGE = YES_ERROR;
				CLANG_WARN_EMPTY_BODY = YES;
				CLANG_WARN_ENUM_CONVERSION = YES;
				CLANG_WARN_INT_CONVERSION = YES;
				CLANG_WARN_OBJC_ROOT_CLASS = YES_ERROR;
				CLANG_WARN_UNREACHABLE_CODE = YES;
				CLANG_WARN__DUPLICATE_METHOD_MATCH = YES;
				"CODE_SIGN_IDENTITY[sdk=iphoneos*]" = "iPhone Developer";
				COPY_PHASE_STRIP = NO;
				DEBUG_INFORMATION_FORMAT = "dwarf-with-dsym";
				ENABLE_NS_ASSERTIONS = NO;
				ENABLE_STRICT_OBJC_MSGSEND = YES;
				GCC_C_LANGUAGE_STANDARD = gnu99;
				GCC_NO_COMMON_BLOCKS = YES;
				GCC_WARN_64_TO_32_BIT_CONVERSION = YES;
				GCC_WARN_ABOUT_RETURN_TYPE = YES_ERROR;
				GCC_WARN_UNDECLARED_SELECTOR = YES;
				GCC_WARN_UNINITIALIZED_AUTOS = YES_AGGRESSIVE;
				GCC_WARN_UNUSED_FUNCTION = YES;
				GCC_WARN_UNUSED_VARIABLE = YES;
				IPHONEOS_DEPLOYMENT_TARGET = 9.3;
				MTL_ENABLE_DEBUG_INFO = NO;
				SDKROOT = iphoneos;
				TARGETED_DEVICE_FAMILY = "1,2";
				VALIDATE_PRODUCT = YES;
			};
			name = Release;
		};
		C1F0F45D1D24249C004124E2 /* Debug */ = {
			isa = XCBuildConfiguration;
			baseConfigurationReference = AF31B5C5191A8582E6B3888F /* Pods-Gigsterous.debug.xcconfig */;
			buildSettings = {
				ASSETCATALOG_COMPILER_APPICON_NAME = AppIcon;
				INFOPLIST_FILE = Gigsterous/Resources/Info.plist;
				IPHONEOS_DEPLOYMENT_TARGET = 9.0;
				LD_RUNPATH_SEARCH_PATHS = "$(inherited) @executable_path/Frameworks";
				PRODUCT_BUNDLE_IDENTIFIER = com.gigsterous.ios.Gigsterous;
				PRODUCT_NAME = "$(TARGET_NAME)";
			};
			name = Debug;
		};
		C1F0F45E1D24249C004124E2 /* Release */ = {
			isa = XCBuildConfiguration;
			baseConfigurationReference = EAD29A55A57DB7E875755602 /* Pods-Gigsterous.release.xcconfig */;
			buildSettings = {
				ASSETCATALOG_COMPILER_APPICON_NAME = AppIcon;
				INFOPLIST_FILE = Gigsterous/Resources/Info.plist;
				IPHONEOS_DEPLOYMENT_TARGET = 9.0;
				LD_RUNPATH_SEARCH_PATHS = "$(inherited) @executable_path/Frameworks";
				PRODUCT_BUNDLE_IDENTIFIER = com.gigsterous.ios.Gigsterous;
				PRODUCT_NAME = "$(TARGET_NAME)";
			};
			name = Release;
		};
		C1F0F4601D24249C004124E2 /* Debug */ = {
			isa = XCBuildConfiguration;
			buildSettings = {
				BUNDLE_LOADER = "$(TEST_HOST)";
				INFOPLIST_FILE = GigsterousTests/Info.plist;
				IPHONEOS_DEPLOYMENT_TARGET = 9.0;
				LD_RUNPATH_SEARCH_PATHS = "$(inherited) @executable_path/Frameworks @loader_path/Frameworks";
				PRODUCT_BUNDLE_IDENTIFIER = com.gigsterous.ios.GigsterousTests;
				PRODUCT_NAME = "$(TARGET_NAME)";
				TEST_HOST = "$(BUILT_PRODUCTS_DIR)/Gigsterous.app/Gigsterous";
			};
			name = Debug;
		};
		C1F0F4611D24249C004124E2 /* Release */ = {
			isa = XCBuildConfiguration;
			buildSettings = {
				BUNDLE_LOADER = "$(TEST_HOST)";
				INFOPLIST_FILE = GigsterousTests/Info.plist;
				IPHONEOS_DEPLOYMENT_TARGET = 9.0;
				LD_RUNPATH_SEARCH_PATHS = "$(inherited) @executable_path/Frameworks @loader_path/Frameworks";
				PRODUCT_BUNDLE_IDENTIFIER = com.gigsterous.ios.GigsterousTests;
				PRODUCT_NAME = "$(TARGET_NAME)";
				TEST_HOST = "$(BUILT_PRODUCTS_DIR)/Gigsterous.app/Gigsterous";
			};
			name = Release;
		};
		C1F0F4631D24249C004124E2 /* Debug */ = {
			isa = XCBuildConfiguration;
			buildSettings = {
				INFOPLIST_FILE = GigsterousUITests/Info.plist;
				IPHONEOS_DEPLOYMENT_TARGET = 9.0;
				LD_RUNPATH_SEARCH_PATHS = "$(inherited) @executable_path/Frameworks @loader_path/Frameworks";
				PRODUCT_BUNDLE_IDENTIFIER = com.gigsterous.ios.GigsterousUITests;
				PRODUCT_NAME = "$(TARGET_NAME)";
				TEST_TARGET_NAME = Gigsterous;
			};
			name = Debug;
		};
		C1F0F4641D24249C004124E2 /* Release */ = {
			isa = XCBuildConfiguration;
			buildSettings = {
				INFOPLIST_FILE = GigsterousUITests/Info.plist;
				IPHONEOS_DEPLOYMENT_TARGET = 9.0;
				LD_RUNPATH_SEARCH_PATHS = "$(inherited) @executable_path/Frameworks @loader_path/Frameworks";
				PRODUCT_BUNDLE_IDENTIFIER = com.gigsterous.ios.GigsterousUITests;
				PRODUCT_NAME = "$(TARGET_NAME)";
				TEST_TARGET_NAME = Gigsterous;
			};
			name = Release;
		};
/* End XCBuildConfiguration section */

/* Begin XCConfigurationList section */
		C1F0F42D1D24249C004124E2 /* Build configuration list for PBXProject "Gigsterous" */ = {
			isa = XCConfigurationList;
			buildConfigurations = (
				C1F0F45A1D24249C004124E2 /* Debug */,
				C1F0F45B1D24249C004124E2 /* Release */,
			);
			defaultConfigurationIsVisible = 0;
			defaultConfigurationName = Release;
		};
		C1F0F45C1D24249C004124E2 /* Build configuration list for PBXNativeTarget "Gigsterous" */ = {
			isa = XCConfigurationList;
			buildConfigurations = (
				C1F0F45D1D24249C004124E2 /* Debug */,
				C1F0F45E1D24249C004124E2 /* Release */,
			);
			defaultConfigurationIsVisible = 0;
			defaultConfigurationName = Release;
		};
		C1F0F45F1D24249C004124E2 /* Build configuration list for PBXNativeTarget "GigsterousTests" */ = {
			isa = XCConfigurationList;
			buildConfigurations = (
				C1F0F4601D24249C004124E2 /* Debug */,
				C1F0F4611D24249C004124E2 /* Release */,
			);
			defaultConfigurationIsVisible = 0;
			defaultConfigurationName = Release;
		};
		C1F0F4621D24249C004124E2 /* Build configuration list for PBXNativeTarget "GigsterousUITests" */ = {
			isa = XCConfigurationList;
			buildConfigurations = (
				C1F0F4631D24249C004124E2 /* Debug */,
				C1F0F4641D24249C004124E2 /* Release */,
			);
			defaultConfigurationIsVisible = 0;
			defaultConfigurationName = Release;
		};
/* End XCConfigurationList section */
	};
	rootObject = C1F0F42A1D24249C004124E2 /* Project object */;
}
